// !$*UTF8*$!
{
	archiveVersion = 1;
	classes = {
	};
	objectVersion = 48;
	objects = {

/* Begin PBXBuildFile section */
		1ECDF67A2008624000435572 /* main.m in Sources */ = {isa = PBXBuildFile; fileRef = 1ECDF6792008624000435572 /* main.m */; };
		1ECDF693200863D200435572 /* TestClient.m in Sources */ = {isa = PBXBuildFile; fileRef = 1ECDF692200863D200435572 /* TestClient.m */; };
		1ECDF69A20086A4A00435572 /* TestTaskBean.m in Sources */ = {isa = PBXBuildFile; fileRef = 1ECDF69920086A4A00435572 /* TestTaskBean.m */; };
		1ECDF74920089AB600435572 /* libNFCPSyncEngineMac.a in Frameworks */ = {isa = PBXBuildFile; fileRef = 1ECDF74820089AAE00435572 /* libNFCPSyncEngineMac.a */; };
		1ECDF74E2008A49400435572 /* libstdc++.tbd in Frameworks */ = {isa = PBXBuildFile; fileRef = 1ECDF74D2008A49400435572 /* libstdc++.tbd */; };
/* End PBXBuildFile section */

/* Begin PBXContainerItemProxy section */
		1ECDF6892008627300435572 /* PBXContainerItemProxy */ = {
			isa = PBXContainerItemProxy;
			containerPortal = 1ECDF6802008627300435572 /* NFCPSyncEngine.xcodeproj */;
			proxyType = 2;
			remoteGlobalIDString = 1EC7E4EB1CF6D1DC001DB0A6;
			remoteInfo = NFCPSyncEngine;
		};
		1ECDF74720089AAE00435572 /* PBXContainerItemProxy */ = {
			isa = PBXContainerItemProxy;
			containerPortal = 1ECDF6802008627300435572 /* NFCPSyncEngine.xcodeproj */;
			proxyType = 2;
			remoteGlobalIDString = 1ECDF6D6200899B100435572;
			remoteInfo = NFCPSyncEngineMac;
		};
		1ECDF74A20089ABC00435572 /* PBXContainerItemProxy */ = {
			isa = PBXContainerItemProxy;
			containerPortal = 1ECDF6802008627300435572 /* NFCPSyncEngine.xcodeproj */;
			proxyType = 1;
			remoteGlobalIDString = 1ECDF6BB200899B100435572;
			remoteInfo = NFCPSyncEngineMac;
		};
/* End PBXContainerItemProxy section */

/* Begin PBXCopyFilesBuildPhase section */
		1ECDF6742008624000435572 /* CopyFiles */ = {
			isa = PBXCopyFilesBuildPhase;
			buildActionMask = 2147483647;
			dstPath = /usr/share/man/man1/;
			dstSubfolderSpec = 0;
			files = (
			);
			runOnlyForDeploymentPostprocessing = 1;
		};
/* End PBXCopyFilesBuildPhase section */

/* Begin PBXFileReference section */
		1ECDF6762008624000435572 /* SocketDemoClient */ = {isa = PBXFileReference; explicitFileType = "compiled.mach-o.executable"; includeInIndex = 0; path = SocketDemoClient; sourceTree = BUILT_PRODUCTS_DIR; };
		1ECDF6792008624000435572 /* main.m */ = {isa = PBXFileReference; lastKnownFileType = sourcecode.c.objc; path = main.m; sourceTree = "<group>"; };
		1ECDF6802008627300435572 /* NFCPSyncEngine.xcodeproj */ = {isa = PBXFileReference; lastKnownFileType = "wrapper.pb-project"; name = NFCPSyncEngine.xcodeproj; path = ../NFCPSyncEngine/NFCPSyncEngine.xcodeproj; sourceTree = "<group>"; };
		1ECDF68C2008635900435572 /* Channel.h */ = {isa = PBXFileReference; lastKnownFileType = sourcecode.c.h; path = Channel.h; sourceTree = "<group>"; };
		1ECDF68D2008635900435572 /* NFCPResponseMessage.h */ = {isa = PBXFileReference; lastKnownFileType = sourcecode.c.h; path = NFCPResponseMessage.h; sourceTree = "<group>"; };
		1ECDF68E2008635900435572 /* NFCPSession.h */ = {isa = PBXFileReference; lastKnownFileType = sourcecode.c.h; path = NFCPSession.h; sourceTree = "<group>"; };
		1ECDF68F2008635900435572 /* TaskBean.h */ = {isa = PBXFileReference; lastKnownFileType = sourcecode.c.h; path = TaskBean.h; sourceTree = "<group>"; };
		1ECDF691200863D200435572 /* TestClient.h */ = {isa = PBXFileReference; lastKnownFileType = sourcecode.c.h; path = TestClient.h; sourceTree = "<group>"; };
		1ECDF692200863D200435572 /* TestClient.m */ = {isa = PBXFileReference; lastKnownFileType = sourcecode.c.objc; path = TestClient.m; sourceTree = "<group>"; };
		1ECDF69820086A4A00435572 /* TestTaskBean.h */ = {isa = PBXFileReference; lastKnownFileType = sourcecode.c.h; path = TestTaskBean.h; sourceTree = "<group>"; };
		1ECDF69920086A4A00435572 /* TestTaskBean.m */ = {isa = PBXFileReference; lastKnownFileType = sourcecode.c.objc; path = TestTaskBean.m; sourceTree = "<group>"; };
		1ECDF6A02008924900435572 /* Protocol.h */ = {isa = PBXFileReference; lastKnownFileType = sourcecode.c.h; path = Protocol.h; sourceTree = "<group>"; };
		1ECDF74D2008A49400435572 /* libstdc++.tbd */ = {isa = PBXFileReference; lastKnownFileType = "sourcecode.text-based-dylib-definition"; name = "libstdc++.tbd"; path = "usr/lib/libstdc++.tbd"; sourceTree = SDKROOT; };
/* End PBXFileReference section */

/* Begin PBXFrameworksBuildPhase section */
		1ECDF6732008624000435572 /* Frameworks */ = {
			isa = PBXFrameworksBuildPhase;
			buildActionMask = 2147483647;
			files = (
				1ECDF74E2008A49400435572 /* libstdc++.tbd in Frameworks */,
				1ECDF74920089AB600435572 /* libNFCPSyncEngineMac.a in Frameworks */,
			);
			runOnlyForDeploymentPostprocessing = 0;
		};
/* End PBXFrameworksBuildPhase section */

/* Begin PBXGroup section */
		1ECDF66D2008624000435572 = {
			isa = PBXGroup;
			children = (
				1ECDF6802008627300435572 /* NFCPSyncEngine.xcodeproj */,
				1ECDF6782008624000435572 /* SocketDemoClient */,
				1ECDF6772008624000435572 /* Products */,
				1ECDF6A1200895C400435572 /* Frameworks */,
			);
			sourceTree = "<group>";
		};
		1ECDF6772008624000435572 /* Products */ = {
			isa = PBXGroup;
			children = (
				1ECDF6762008624000435572 /* SocketDemoClient */,
			);
			name = Products;
			sourceTree = "<group>";
		};
		1ECDF6782008624000435572 /* SocketDemoClient */ = {
			isa = PBXGroup;
			children = (
				1ECDF690200863C300435572 /* src */,
				1ECDF68B2008635900435572 /* inc */,
				1ECDF6792008624000435572 /* main.m */,
			);
			path = SocketDemoClient;
			sourceTree = "<group>";
		};
		1ECDF6812008627300435572 /* Products */ = {
			isa = PBXGroup;
			children = (
				1ECDF68A2008627300435572 /* libNFCPSyncEngine.a */,
				1ECDF74820089AAE00435572 /* libNFCPSyncEngineMac.a */,
			);
			name = Products;
			sourceTree = "<group>";
		};
		1ECDF68B2008635900435572 /* inc */ = {
			isa = PBXGroup;
			children = (
				1ECDF68C2008635900435572 /* Channel.h */,
				1ECDF68D2008635900435572 /* NFCPResponseMessage.h */,
				1ECDF68E2008635900435572 /* NFCPSession.h */,
				1ECDF68F2008635900435572 /* TaskBean.h */,
			);
			name = inc;
			path = ../../NFCPSyncEngine/inc;
			sourceTree = "<group>";
		};
		1ECDF690200863C300435572 /* src */ = {
			isa = PBXGroup;
			children = (
				1ECDF6942008640500435572 /* protocol */,
				1ECDF691200863D200435572 /* TestClient.h */,
				1ECDF692200863D200435572 /* TestClient.m */,
			);
			path = src;
			sourceTree = "<group>";
		};
		1ECDF6942008640500435572 /* protocol */ = {
			isa = PBXGroup;
			children = (
				1ECDF69820086A4A00435572 /* TestTaskBean.h */,
				1ECDF69920086A4A00435572 /* TestTaskBean.m */,
				1ECDF6A02008924900435572 /* Protocol.h */,
			);
			path = protocol;
			sourceTree = "<group>";
		};
		1ECDF6A1200895C400435572 /* Frameworks */ = {
			isa = PBXGroup;
			children = (
				1ECDF74D2008A49400435572 /* libstdc++.tbd */,
			);
			name = Frameworks;
			sourceTree = "<group>";
		};
/* End PBXGroup section */

/* Begin PBXNativeTarget section */
		1ECDF6752008624000435572 /* SocketDemoClient */ = {
			isa = PBXNativeTarget;
			buildConfigurationList = 1ECDF67D2008624000435572 /* Build configuration list for PBXNativeTarget "SocketDemoClient" */;
			buildPhases = (
				1ECDF6722008624000435572 /* Sources */,
				1ECDF6732008624000435572 /* Frameworks */,
				1ECDF6742008624000435572 /* CopyFiles */,
			);
			buildRules = (
			);
			dependencies = (
				1ECDF74B20089ABC00435572 /* PBXTargetDependency */,
			);
			name = SocketDemoClient;
			productName = SocketDemoClient;
			productReference = 1ECDF6762008624000435572 /* SocketDemoClient */;
			productType = "com.apple.product-type.tool";
		};
/* End PBXNativeTarget section */

/* Begin PBXProject section */
		1ECDF66E2008624000435572 /* Project object */ = {
			isa = PBXProject;
			attributes = {
				LastUpgradeCheck = 0920;
				ORGANIZATIONNAME = zhouhewei;
				TargetAttributes = {
					1ECDF6752008624000435572 = {
						CreatedOnToolsVersion = 9.2;
						ProvisioningStyle = Automatic;
					};
				};
			};
			buildConfigurationList = 1ECDF6712008624000435572 /* Build configuration list for PBXProject "SocketDemoClient" */;
			compatibilityVersion = "Xcode 8.0";
			developmentRegion = en;
			hasScannedForEncodings = 0;
			knownRegions = (
				en,
			);
			mainGroup = 1ECDF66D2008624000435572;
			productRefGroup = 1ECDF6772008624000435572 /* Products */;
			projectDirPath = "";
			projectReferences = (
				{
					ProductGroup = 1ECDF6812008627300435572 /* Products */;
					ProjectRef = 1ECDF6802008627300435572 /* NFCPSyncEngine.xcodeproj */;
				},
			);
			projectRoot = "";
			targets = (
				1ECDF6752008624000435572 /* SocketDemoClient */,
			);
		};
/* End PBXProject section */

/* Begin PBXReferenceProxy section */
		1ECDF68A2008627300435572 /* libNFCPSyncEngine.a */ = {
			isa = PBXReferenceProxy;
			fileType = archive.ar;
			path = libNFCPSyncEngine.a;
			remoteRef = 1ECDF6892008627300435572 /* PBXContainerItemProxy */;
			sourceTree = BUILT_PRODUCTS_DIR;
		};
		1ECDF74820089AAE00435572 /* libNFCPSyncEngineMac.a */ = {
			isa = PBXReferenceProxy;
			fileType = archive.ar;
			path = libNFCPSyncEngineMac.a;
			remoteRef = 1ECDF74720089AAE00435572 /* PBXContainerItemProxy */;
			sourceTree = BUILT_PRODUCTS_DIR;
		};
/* End PBXReferenceProxy section */

/* Begin PBXSourcesBuildPhase section */
		1ECDF6722008624000435572 /* Sources */ = {
			isa = PBXSourcesBuildPhase;
			buildActionMask = 2147483647;
			files = (
				1ECDF69A20086A4A00435572 /* TestTaskBean.m in Sources */,
				1ECDF693200863D200435572 /* TestClient.m in Sources */,
				1ECDF67A2008624000435572 /* main.m in Sources */,
			);
			runOnlyForDeploymentPostprocessing = 0;
		};
/* End PBXSourcesBuildPhase section */

/* Begin PBXTargetDependency section */
		1ECDF74B20089ABC00435572 /* PBXTargetDependency */ = {
			isa = PBXTargetDependency;
			name = NFCPSyncEngineMac;
			targetProxy = 1ECDF74A20089ABC00435572 /* PBXContainerItemProxy */;
		};
/* End PBXTargetDependency section */

/* Begin XCBuildConfiguration section */
		1ECDF67B2008624000435572 /* Debug */ = {
			isa = XCBuildConfiguration;
			buildSettings = {
				ALWAYS_SEARCH_USER_PATHS = NO;
				CLANG_ANALYZER_NONNULL = YES;
				CLANG_ANALYZER_NUMBER_OBJECT_CONVERSION = YES_AGGRESSIVE;
				CLANG_CXX_LANGUAGE_STANDARD = "compiler-default";
				CLANG_CXX_LIBRARY = "compiler-default";
				CLANG_ENABLE_MODULES = YES;
				CLANG_ENABLE_OBJC_ARC = YES;
				CLANG_WARN_BLOCK_CAPTURE_AUTORELEASING = YES;
				CLANG_WARN_BOOL_CONVERSION = YES;
				CLANG_WARN_COMMA = YES;
				CLANG_WARN_CONSTANT_CONVERSION = YES;
				CLANG_WARN_DIRECT_OBJC_ISA_USAGE = YES_ERROR;
				CLANG_WARN_DOCUMENTATION_COMMENTS = YES;
				CLANG_WARN_EMPTY_BODY = YES;
				CLANG_WARN_ENUM_CONVERSION = YES;
				CLANG_WARN_INFINITE_RECURSION = YES;
				CLANG_WARN_INT_CONVERSION = YES;
				CLANG_WARN_NON_LITERAL_NULL_CONVERSION = YES;
				CLANG_WARN_OBJC_LITERAL_CONVERSION = YES;
				CLANG_WARN_OBJC_ROOT_CLASS = YES_ERROR;
				CLANG_WARN_RANGE_LOOP_ANALYSIS = YES;
				CLANG_WARN_STRICT_PROTOTYPES = YES;
				CLANG_WARN_SUSPICIOUS_MOVE = YES;
				CLANG_WARN_UNGUARDED_AVAILABILITY = YES_AGGRESSIVE;
				CLANG_WARN_UNREACHABLE_CODE = YES;
				CLANG_WARN__DUPLICATE_METHOD_MATCH = YES;
				CODE_SIGN_IDENTITY = "-";
				COPY_PHASE_STRIP = NO;
				DEBUG_INFORMATION_FORMAT = dwarf;
				ENABLE_STRICT_OBJC_MSGSEND = YES;
				ENABLE_TESTABILITY = YES;
				GCC_C_LANGUAGE_STANDARD = "compiler-default";
				GCC_DYNAMIC_NO_PIC = NO;
				GCC_NO_COMMON_BLOCKS = YES;
				GCC_OPTIMIZATION_LEVEL = 0;
				GCC_PREPROCESSOR_DEFINITIONS = (
					"DEBUG=1",
					"$(inherited)",
				);
				GCC_WARN_64_TO_32_BIT_CONVERSION = YES;
				GCC_WARN_ABOUT_RETURN_TYPE = YES_ERROR;
				GCC_WARN_UNDECLARED_SELECTOR = YES;
				GCC_WARN_UNINITIALIZED_AUTOS = YES_AGGRESSIVE;
				GCC_WARN_UNUSED_FUNCTION = YES;
				GCC_WARN_UNUSED_VARIABLE = YES;
				MACOSX_DEPLOYMENT_TARGET = 10.13;
				MTL_ENABLE_DEBUG_INFO = YES;
				ONLY_ACTIVE_ARCH = YES;
				SDKROOT = macosx;
			};
			name = Debug;
		};
		1ECDF67C2008624000435572 /* Release */ = {
			isa = XCBuildConfiguration;
			buildSettings = {
				ALWAYS_SEARCH_USER_PATHS = NO;
				CLANG_ANALYZER_NONNULL = YES;
				CLANG_ANALYZER_NUMBER_OBJECT_CONVERSION = YES_AGGRESSIVE;
				CLANG_CXX_LANGUAGE_STANDARD = "compiler-default";
				CLANG_CXX_LIBRARY = "compiler-default";
				CLANG_ENABLE_MODULES = YES;
				CLANG_ENABLE_OBJC_ARC = YES;
				CLANG_WARN_BLOCK_CAPTURE_AUTORELEASING = YES;
				CLANG_WARN_BOOL_CONVERSION = YES;
				CLANG_WARN_COMMA = YES;
				CLANG_WARN_CONSTANT_CONVERSION = YES;
				CLANG_WARN_DIRECT_OBJC_ISA_USAGE = YES_ERROR;
				CLANG_WARN_DOCUMENTATION_COMMENTS = YES;
				CLANG_WARN_EMPTY_BODY = YES;
				CLANG_WARN_ENUM_CONVERSION = YES;
				CLANG_WARN_INFINITE_RECURSION = YES;
				CLANG_WARN_INT_CONVERSION = YES;
				CLANG_WARN_NON_LITERAL_NULL_CONVERSION = YES;
				CLANG_WARN_OBJC_LITERAL_CONVERSION = YES;
				CLANG_WARN_OBJC_ROOT_CLASS = YES_ERROR;
				CLANG_WARN_RANGE_LOOP_ANALYSIS = YES;
				CLANG_WARN_STRICT_PROTOTYPES = YES;
				CLANG_WARN_SUSPICIOUS_MOVE = YES;
				CLANG_WARN_UNGUARDED_AVAILABILITY = YES_AGGRESSIVE;
				CLANG_WARN_UNREACHABLE_CODE = YES;
				CLANG_WARN__DUPLICATE_METHOD_MATCH = YES;
				CODE_SIGN_IDENTITY = "-";
				COPY_PHASE_STRIP = NO;
				DEBUG_INFORMATION_FORMAT = "dwarf-with-dsym";
				ENABLE_NS_ASSERTIONS = NO;
				ENABLE_STRICT_OBJC_MSGSEND = YES;
				GCC_C_LANGUAGE_STANDARD = "compiler-default";
				GCC_NO_COMMON_BLOCKS = YES;
				GCC_WARN_64_TO_32_BIT_CONVERSION = YES;
				GCC_WARN_ABOUT_RETURN_TYPE = YES_ERROR;
				GCC_WARN_UNDECLARED_SELECTOR = YES;
				GCC_WARN_UNINITIALIZED_AUTOS = YES_AGGRESSIVE;
				GCC_WARN_UNUSED_FUNCTION = YES;
				GCC_WARN_UNUSED_VARIABLE = YES;
				MACOSX_DEPLOYMENT_TARGET = 10.13;
				MTL_ENABLE_DEBUG_INFO = NO;
				SDKROOT = macosx;
			};
			name = Release;
		};
		1ECDF67E2008624000435572 /* Debug */ = {
			isa = XCBuildConfiguration;
			buildSettings = {
				CLANG_CXX_LANGUAGE_STANDARD = "compiler-default";
				CLANG_CXX_LIBRARY = "compiler-default";
				CODE_SIGN_STYLE = Automatic;
				GCC_C_LANGUAGE_STANDARD = "compiler-default";
				GCC_ENABLE_CPP_EXCEPTIONS = YES;
				GCC_ENABLE_CPP_RTTI = YES;
				PRODUCT_NAME = "$(TARGET_NAME)";
			};
			name = Debug;
		};
		1ECDF67F2008624000435572 /* Release */ = {
			isa = XCBuildConfiguration;
			buildSettings = {
				CLANG_CXX_LANGUAGE_STANDARD = "compiler-default";
				CLANG_CXX_LIBRARY = "compiler-default";
				CODE_SIGN_STYLE = Automatic;
				GCC_C_LANGUAGE_STANDARD = "compiler-default";
				GCC_ENABLE_CPP_EXCEPTIONS = YES;
				GCC_ENABLE_CPP_RTTI = YES;
				PRODUCT_NAME = "$(TARGET_NAME)";
			};
			name = Release;
		};
/* End XCBuildConfiguration section */

/* Begin XCConfigurationList section */
		1ECDF6712008624000435572 /* Build configuration list for PBXProject "SocketDemoClient" */ = {
			isa = XCConfigurationList;
			buildConfigurations = (
				1ECDF67B2008624000435572 /* Debug */,
				1ECDF67C2008624000435572 /* Release */,
			);
			defaultConfigurationIsVisible = 0;
			defaultConfigurationName = Release;
		};
		1ECDF67D2008624000435572 /* Build configuration list for PBXNativeTarget "SocketDemoClient" */ = {
			isa = XCConfigurationList;
			buildConfigurations = (
				1ECDF67E2008624000435572 /* Debug */,
				1ECDF67F2008624000435572 /* Release */,
			);
			defaultConfigurationIsVisible = 0;
			defaultConfigurationName = Release;
		};
/* End XCConfigurationList section */
	};
	rootObject = 1ECDF66E2008624000435572 /* Project object */;
}
