// !$*UTF8*$!
{
	archiveVersion = 1;
	classes = {
	};
	objectVersion = 46;
	objects = {

/* Begin PBXBuildFile section */
		1E1C9FFB1F147353006E8451 /* CSocketConnectWork.cpp in Sources */ = {isa = PBXBuildFile; fileRef = 1E1C9FEB1F147353006E8451 /* CSocketConnectWork.cpp */; };
		1E1C9FFC1F147353006E8451 /* CSocketWork.cpp in Sources */ = {isa = PBXBuildFile; fileRef = 1E1C9FED1F147353006E8451 /* CSocketWork.cpp */; };
		1E1C9FFD1F147353006E8451 /* FSNetworkEngine.cpp in Sources */ = {isa = PBXBuildFile; fileRef = 1E1C9FEF1F147353006E8451 /* FSNetworkEngine.cpp */; };
		1E1C9FFE1F147353006E8451 /* NetWorkEngineTools.cpp in Sources */ = {isa = PBXBuildFile; fileRef = 1E1C9FF11F147353006E8451 /* NetWorkEngineTools.cpp */; };
		1E1C9FFF1F147353006E8451 /* SocketFunctions.cpp in Sources */ = {isa = PBXBuildFile; fileRef = 1E1C9FF31F147353006E8451 /* SocketFunctions.cpp */; };
		1E1CA0001F147353006E8451 /* SocketHandlerMapper.cpp in Sources */ = {isa = PBXBuildFile; fileRef = 1E1C9FF51F147353006E8451 /* SocketHandlerMapper.cpp */; };
		1E1CA0011F147353006E8451 /* SocketRecvManager.cpp in Sources */ = {isa = PBXBuildFile; fileRef = 1E1C9FF71F147353006E8451 /* SocketRecvManager.cpp */; };
		1E1CA0021F147353006E8451 /* SocketUtility.cpp in Sources */ = {isa = PBXBuildFile; fileRef = 1E1C9FF91F147353006E8451 /* SocketUtility.cpp */; };
		1E1CA03B1F14740A006E8451 /* libcommons.a in Frameworks */ = {isa = PBXBuildFile; fileRef = 1E1CA02E1F1473F8006E8451 /* libcommons.a */; };
		1E1CA03C1F14740A006E8451 /* libDataHub.a in Frameworks */ = {isa = PBXBuildFile; fileRef = 1E1CA0341F1473FB006E8451 /* libDataHub.a */; };
		1E1CA03D1F14740A006E8451 /* libMessageCenter.a in Frameworks */ = {isa = PBXBuildFile; fileRef = 1E1CA03A1F1473FE006E8451 /* libMessageCenter.a */; };
/* End PBXBuildFile section */

/* Begin PBXContainerItemProxy section */
		1E1CA02D1F1473F8006E8451 /* PBXContainerItemProxy */ = {
			isa = PBXContainerItemProxy;
			containerPortal = 1E1CA0291F1473F8006E8451 /* commons.xcodeproj */;
			proxyType = 2;
			remoteGlobalIDString = 1E757D061A24AC1E008E7889;
			remoteInfo = commons;
		};
		1E1CA0331F1473FB006E8451 /* PBXContainerItemProxy */ = {
			isa = PBXContainerItemProxy;
			containerPortal = 1E1CA02F1F1473FB006E8451 /* DataHub.xcodeproj */;
			proxyType = 2;
			remoteGlobalIDString = 1EBC649F1DDD8E270094949E;
			remoteInfo = DataHub;
		};
		1E1CA0391F1473FE006E8451 /* PBXContainerItemProxy */ = {
			isa = PBXContainerItemProxy;
			containerPortal = 1E1CA0351F1473FE006E8451 /* MessageCenter.xcodeproj */;
			proxyType = 2;
			remoteGlobalIDString = 1EFB42471A1B8D4F0073D79A;
			remoteInfo = MessageCenter;
		};
		1E1CA03E1F14740F006E8451 /* PBXContainerItemProxy */ = {
			isa = PBXContainerItemProxy;
			containerPortal = 1E1CA0351F1473FE006E8451 /* MessageCenter.xcodeproj */;
			proxyType = 1;
			remoteGlobalIDString = 1EFB42461A1B8D4F0073D79A;
			remoteInfo = MessageCenter;
		};
		1E1CA0401F14740F006E8451 /* PBXContainerItemProxy */ = {
			isa = PBXContainerItemProxy;
			containerPortal = 1E1CA02F1F1473FB006E8451 /* DataHub.xcodeproj */;
			proxyType = 1;
			remoteGlobalIDString = 1EBC649E1DDD8E270094949E;
			remoteInfo = DataHub;
		};
		1E1CA0421F14740F006E8451 /* PBXContainerItemProxy */ = {
			isa = PBXContainerItemProxy;
			containerPortal = 1E1CA0291F1473F8006E8451 /* commons.xcodeproj */;
			proxyType = 1;
			remoteGlobalIDString = 1E757D051A24AC1E008E7889;
			remoteInfo = commons;
		};
/* End PBXContainerItemProxy section */

/* Begin PBXCopyFilesBuildPhase section */
		FE1218E11BF1ED18007CAD8E /* CopyFiles */ = {
			isa = PBXCopyFilesBuildPhase;
			buildActionMask = 2147483647;
			dstPath = "include/$(PRODUCT_NAME)";
			dstSubfolderSpec = 16;
			files = (
			);
			runOnlyForDeploymentPostprocessing = 0;
		};
/* End PBXCopyFilesBuildPhase section */

/* Begin PBXFileReference section */
		1E1C9FEB1F147353006E8451 /* CSocketConnectWork.cpp */ = {isa = PBXFileReference; fileEncoding = 4; lastKnownFileType = sourcecode.cpp.cpp; path = CSocketConnectWork.cpp; sourceTree = "<group>"; };
		1E1C9FEC1F147353006E8451 /* CSocketConnectWork.hpp */ = {isa = PBXFileReference; fileEncoding = 4; lastKnownFileType = sourcecode.cpp.h; path = CSocketConnectWork.hpp; sourceTree = "<group>"; };
		1E1C9FED1F147353006E8451 /* CSocketWork.cpp */ = {isa = PBXFileReference; fileEncoding = 4; lastKnownFileType = sourcecode.cpp.cpp; path = CSocketWork.cpp; sourceTree = "<group>"; };
		1E1C9FEE1F147353006E8451 /* CSocketWork.hpp */ = {isa = PBXFileReference; fileEncoding = 4; lastKnownFileType = sourcecode.cpp.h; path = CSocketWork.hpp; sourceTree = "<group>"; };
		1E1C9FEF1F147353006E8451 /* FSNetworkEngine.cpp */ = {isa = PBXFileReference; fileEncoding = 4; lastKnownFileType = sourcecode.cpp.cpp; path = FSNetworkEngine.cpp; sourceTree = "<group>"; };
		1E1C9FF01F147353006E8451 /* FSNetworkEngine.h */ = {isa = PBXFileReference; fileEncoding = 4; lastKnownFileType = sourcecode.c.h; path = FSNetworkEngine.h; sourceTree = "<group>"; };
		1E1C9FF11F147353006E8451 /* NetWorkEngineTools.cpp */ = {isa = PBXFileReference; fileEncoding = 4; lastKnownFileType = sourcecode.cpp.cpp; path = NetWorkEngineTools.cpp; sourceTree = "<group>"; };
		1E1C9FF21F147353006E8451 /* SocketDefines.h */ = {isa = PBXFileReference; fileEncoding = 4; lastKnownFileType = sourcecode.c.h; path = SocketDefines.h; sourceTree = "<group>"; };
		1E1C9FF31F147353006E8451 /* SocketFunctions.cpp */ = {isa = PBXFileReference; fileEncoding = 4; lastKnownFileType = sourcecode.cpp.cpp; path = SocketFunctions.cpp; sourceTree = "<group>"; };
		1E1C9FF41F147353006E8451 /* SocketFunctions.hpp */ = {isa = PBXFileReference; fileEncoding = 4; lastKnownFileType = sourcecode.cpp.h; path = SocketFunctions.hpp; sourceTree = "<group>"; };
		1E1C9FF51F147353006E8451 /* SocketHandlerMapper.cpp */ = {isa = PBXFileReference; fileEncoding = 4; lastKnownFileType = sourcecode.cpp.cpp; path = SocketHandlerMapper.cpp; sourceTree = "<group>"; };
		1E1C9FF61F147353006E8451 /* SocketHandlerMapper.hpp */ = {isa = PBXFileReference; fileEncoding = 4; lastKnownFileType = sourcecode.cpp.h; path = SocketHandlerMapper.hpp; sourceTree = "<group>"; };
		1E1C9FF71F147353006E8451 /* SocketRecvManager.cpp */ = {isa = PBXFileReference; fileEncoding = 4; lastKnownFileType = sourcecode.cpp.cpp; path = SocketRecvManager.cpp; sourceTree = "<group>"; };
		1E1C9FF81F147353006E8451 /* SocketRecvManager.h */ = {isa = PBXFileReference; fileEncoding = 4; lastKnownFileType = sourcecode.c.h; path = SocketRecvManager.h; sourceTree = "<group>"; };
		1E1C9FF91F147353006E8451 /* SocketUtility.cpp */ = {isa = PBXFileReference; fileEncoding = 4; lastKnownFileType = sourcecode.cpp.cpp; path = SocketUtility.cpp; sourceTree = "<group>"; };
		1E1C9FFA1F147353006E8451 /* SocketUtility.hpp */ = {isa = PBXFileReference; fileEncoding = 4; lastKnownFileType = sourcecode.cpp.h; path = SocketUtility.hpp; sourceTree = "<group>"; };
		1E1CA0061F1473CA006E8451 /* FSNetEngineConstant.h */ = {isa = PBXFileReference; fileEncoding = 4; lastKnownFileType = sourcecode.c.h; path = FSNetEngineConstant.h; sourceTree = "<group>"; };
		1E1CA0071F1473CA006E8451 /* IFSCallBack.h */ = {isa = PBXFileReference; fileEncoding = 4; lastKnownFileType = sourcecode.c.h; path = IFSCallBack.h; sourceTree = "<group>"; };
		1E1CA0081F1473CA006E8451 /* IFSNetworkEngine.h */ = {isa = PBXFileReference; fileEncoding = 4; lastKnownFileType = sourcecode.c.h; path = IFSNetworkEngine.h; sourceTree = "<group>"; };
		1E1CA0091F1473CA006E8451 /* NetWorkEngineTools.hpp */ = {isa = PBXFileReference; fileEncoding = 4; lastKnownFileType = sourcecode.cpp.h; path = NetWorkEngineTools.hpp; sourceTree = "<group>"; };
		1E1CA00B1F1473E0006E8451 /* CBundle.h */ = {isa = PBXFileReference; fileEncoding = 4; lastKnownFileType = sourcecode.c.h; path = CBundle.h; sourceTree = "<group>"; };
		1E1CA00C1F1473E0006E8451 /* CBundleManager.h */ = {isa = PBXFileReference; fileEncoding = 4; lastKnownFileType = sourcecode.c.h; path = CBundleManager.h; sourceTree = "<group>"; };
		1E1CA00D1F1473E0006E8451 /* CHanderManager.h */ = {isa = PBXFileReference; fileEncoding = 4; lastKnownFileType = sourcecode.c.h; path = CHanderManager.h; sourceTree = "<group>"; };
		1E1CA00E1F1473E0006E8451 /* CLinuxTime.h */ = {isa = PBXFileReference; fileEncoding = 4; lastKnownFileType = sourcecode.c.h; path = CLinuxTime.h; sourceTree = "<group>"; };
		1E1CA00F1F1473E0006E8451 /* CList_ZHW.h */ = {isa = PBXFileReference; fileEncoding = 4; lastKnownFileType = sourcecode.c.h; path = CList_ZHW.h; sourceTree = "<group>"; };
		1E1CA0101F1473E0006E8451 /* CMutexFactory.h */ = {isa = PBXFileReference; fileEncoding = 4; lastKnownFileType = sourcecode.c.h; path = CMutexFactory.h; sourceTree = "<group>"; };
		1E1CA0111F1473E0006E8451 /* CSemaphoreManager.h */ = {isa = PBXFileReference; fileEncoding = 4; lastKnownFileType = sourcecode.c.h; path = CSemaphoreManager.h; sourceTree = "<group>"; };
		1E1CA0121F1473E0006E8451 /* CShareMemManager.h */ = {isa = PBXFileReference; fileEncoding = 4; lastKnownFileType = sourcecode.c.h; path = CShareMemManager.h; sourceTree = "<group>"; };
		1E1CA0131F1473E0006E8451 /* CSmartPointer.h */ = {isa = PBXFileReference; fileEncoding = 4; lastKnownFileType = sourcecode.c.h; path = CSmartPointer.h; sourceTree = "<group>"; };
		1E1CA0141F1473E0006E8451 /* CThreadFactory.h */ = {isa = PBXFileReference; fileEncoding = 4; lastKnownFileType = sourcecode.c.h; path = CThreadFactory.h; sourceTree = "<group>"; };
		1E1CA0151F1473E0006E8451 /* CThreadPool.h */ = {isa = PBXFileReference; fileEncoding = 4; lastKnownFileType = sourcecode.c.h; path = CThreadPool.h; sourceTree = "<group>"; };
		1E1CA0161F1473E0006E8451 /* defines.h */ = {isa = PBXFileReference; fileEncoding = 4; lastKnownFileType = sourcecode.c.h; path = defines.h; sourceTree = "<group>"; };
		1E1CA0171F1473E0006E8451 /* ICMutex.h */ = {isa = PBXFileReference; fileEncoding = 4; lastKnownFileType = sourcecode.c.h; path = ICMutex.h; sourceTree = "<group>"; };
		1E1CA0181F1473E0006E8451 /* ICSemaphoreNamed.h */ = {isa = PBXFileReference; fileEncoding = 4; lastKnownFileType = sourcecode.c.h; path = ICSemaphoreNamed.h; sourceTree = "<group>"; };
		1E1CA0191F1473E0006E8451 /* ICSharedMemory.h */ = {isa = PBXFileReference; fileEncoding = 4; lastKnownFileType = sourcecode.c.h; path = ICSharedMemory.h; sourceTree = "<group>"; };
		1E1CA01A1F1473E0006E8451 /* IWork.h */ = {isa = PBXFileReference; fileEncoding = 4; lastKnownFileType = sourcecode.c.h; path = IWork.h; sourceTree = "<group>"; };
		1E1CA01B1F1473E0006E8451 /* log.h */ = {isa = PBXFileReference; fileEncoding = 4; lastKnownFileType = sourcecode.c.h; path = log.h; sourceTree = "<group>"; };
		1E1CA01C1F1473E0006E8451 /* RefBase.h */ = {isa = PBXFileReference; fileEncoding = 4; lastKnownFileType = sourcecode.c.h; path = RefBase.h; sourceTree = "<group>"; };
		1E1CA01D1F1473E0006E8451 /* reuse_pool.hpp */ = {isa = PBXFileReference; fileEncoding = 4; lastKnownFileType = sourcecode.cpp.h; path = reuse_pool.hpp; sourceTree = "<group>"; };
		1E1CA01E1F1473E0006E8451 /* scope_lock.hpp */ = {isa = PBXFileReference; fileEncoding = 4; lastKnownFileType = sourcecode.cpp.h; path = scope_lock.hpp; sourceTree = "<group>"; };
		1E1CA01F1F1473E0006E8451 /* ThreadWithQueue.hpp */ = {isa = PBXFileReference; fileEncoding = 4; lastKnownFileType = sourcecode.cpp.h; path = ThreadWithQueue.hpp; sourceTree = "<group>"; };
		1E1CA0211F1473E0006E8451 /* CDataHubCtrl.h */ = {isa = PBXFileReference; fileEncoding = 4; lastKnownFileType = sourcecode.c.h; path = CDataHubCtrl.h; sourceTree = "<group>"; };
		1E1CA0221F1473E0006E8451 /* DataRequest.h */ = {isa = PBXFileReference; fileEncoding = 4; lastKnownFileType = sourcecode.c.h; path = DataRequest.h; sourceTree = "<group>"; };
		1E1CA0231F1473E0006E8451 /* DataRequestProtocol.h */ = {isa = PBXFileReference; fileEncoding = 4; lastKnownFileType = sourcecode.c.h; path = DataRequestProtocol.h; sourceTree = "<group>"; };
		1E1CA0251F1473E0006E8451 /* MessageAdapter.h */ = {isa = PBXFileReference; fileEncoding = 4; lastKnownFileType = sourcecode.c.h; path = MessageAdapter.h; sourceTree = "<group>"; };
		1E1CA0261F1473E0006E8451 /* MessageDefines.h */ = {isa = PBXFileReference; fileEncoding = 4; lastKnownFileType = sourcecode.c.h; path = MessageDefines.h; sourceTree = "<group>"; };
		1E1CA0271F1473E0006E8451 /* SharedThreadAdapter.h */ = {isa = PBXFileReference; fileEncoding = 4; lastKnownFileType = sourcecode.c.h; path = SharedThreadAdapter.h; sourceTree = "<group>"; };
		1E1CA0281F1473E0006E8451 /* SingleThreadAdapter.h */ = {isa = PBXFileReference; fileEncoding = 4; lastKnownFileType = sourcecode.c.h; path = SingleThreadAdapter.h; sourceTree = "<group>"; };
		1E1CA0291F1473F8006E8451 /* commons.xcodeproj */ = {isa = PBXFileReference; lastKnownFileType = "wrapper.pb-project"; name = commons.xcodeproj; path = ../../../../baseframe/mk/IOSProject/commons/commons.xcodeproj; sourceTree = "<group>"; };
		1E1CA02F1F1473FB006E8451 /* DataHub.xcodeproj */ = {isa = PBXFileReference; lastKnownFileType = "wrapper.pb-project"; name = DataHub.xcodeproj; path = ../../../../baseframe/mk/IOSProject/datahub/DataHub.xcodeproj; sourceTree = "<group>"; };
		1E1CA0351F1473FE006E8451 /* MessageCenter.xcodeproj */ = {isa = PBXFileReference; lastKnownFileType = "wrapper.pb-project"; name = MessageCenter.xcodeproj; path = ../../../../baseframe/mk/IOSProject/MessageCenter/MessageCenter.xcodeproj; sourceTree = "<group>"; };
		FE1218E31BF1ED18007CAD8E /* libNetworkEngine.a */ = {isa = PBXFileReference; explicitFileType = archive.ar; includeInIndex = 0; path = libNetworkEngine.a; sourceTree = BUILT_PRODUCTS_DIR; };
		FE401C461DF3D08900FA17CC /* libDataHub.a */ = {isa = PBXFileReference; lastKnownFileType = archive.ar; name = libDataHub.a; path = "../../../../baseframe/lib/ios/DataHub/Debug-iphonesimulator/libDataHub.a"; sourceTree = "<group>"; };
/* End PBXFileReference section */

/* Begin PBXFrameworksBuildPhase section */
		FE1218E01BF1ED18007CAD8E /* Frameworks */ = {
			isa = PBXFrameworksBuildPhase;
			buildActionMask = 2147483647;
			files = (
				1E1CA03B1F14740A006E8451 /* libcommons.a in Frameworks */,
				1E1CA03C1F14740A006E8451 /* libDataHub.a in Frameworks */,
				1E1CA03D1F14740A006E8451 /* libMessageCenter.a in Frameworks */,
			);
			runOnlyForDeploymentPostprocessing = 0;
		};
/* End PBXFrameworksBuildPhase section */

/* Begin PBXGroup section */
		1E1C9FEA1F147353006E8451 /* FSNetworkEngine */ = {
			isa = PBXGroup;
			children = (
				1E1C9FEB1F147353006E8451 /* CSocketConnectWork.cpp */,
				1E1C9FEC1F147353006E8451 /* CSocketConnectWork.hpp */,
				1E1C9FED1F147353006E8451 /* CSocketWork.cpp */,
				1E1C9FEE1F147353006E8451 /* CSocketWork.hpp */,
				1E1C9FEF1F147353006E8451 /* FSNetworkEngine.cpp */,
				1E1C9FF01F147353006E8451 /* FSNetworkEngine.h */,
				1E1C9FF11F147353006E8451 /* NetWorkEngineTools.cpp */,
				1E1C9FF21F147353006E8451 /* SocketDefines.h */,
				1E1C9FF31F147353006E8451 /* SocketFunctions.cpp */,
				1E1C9FF41F147353006E8451 /* SocketFunctions.hpp */,
				1E1C9FF51F147353006E8451 /* SocketHandlerMapper.cpp */,
				1E1C9FF61F147353006E8451 /* SocketHandlerMapper.hpp */,
				1E1C9FF71F147353006E8451 /* SocketRecvManager.cpp */,
				1E1C9FF81F147353006E8451 /* SocketRecvManager.h */,
				1E1C9FF91F147353006E8451 /* SocketUtility.cpp */,
				1E1C9FFA1F147353006E8451 /* SocketUtility.hpp */,
			);
			name = FSNetworkEngine;
			path = ../../../src/FSNetworkEngine;
			sourceTree = "<group>";
		};
		1E1CA0031F147363006E8451 /* libs */ = {
			isa = PBXGroup;
			children = (
				1E1CA0351F1473FE006E8451 /* MessageCenter.xcodeproj */,
				1E1CA02F1F1473FB006E8451 /* DataHub.xcodeproj */,
				1E1CA0291F1473F8006E8451 /* commons.xcodeproj */,
			);
			name = libs;
			sourceTree = "<group>";
		};
		1E1CA0041F147370006E8451 /* input_incs */ = {
			isa = PBXGroup;
			children = (
				1E1CA00A1F1473E0006E8451 /* commons */,
				1E1CA0201F1473E0006E8451 /* datahub */,
				1E1CA0241F1473E0006E8451 /* MessageCenter */,
			);
			name = input_incs;
			sourceTree = "<group>";
		};
		1E1CA0051F1473CA006E8451 /* inc */ = {
			isa = PBXGroup;
			children = (
				1E1CA0061F1473CA006E8451 /* FSNetEngineConstant.h */,
				1E1CA0071F1473CA006E8451 /* IFSCallBack.h */,
				1E1CA0081F1473CA006E8451 /* IFSNetworkEngine.h */,
				1E1CA0091F1473CA006E8451 /* NetWorkEngineTools.hpp */,
			);
			name = inc;
			path = ../../../inc;
			sourceTree = "<group>";
		};
		1E1CA00A1F1473E0006E8451 /* commons */ = {
			isa = PBXGroup;
			children = (
				1E1CA00B1F1473E0006E8451 /* CBundle.h */,
				1E1CA00C1F1473E0006E8451 /* CBundleManager.h */,
				1E1CA00D1F1473E0006E8451 /* CHanderManager.h */,
				1E1CA00E1F1473E0006E8451 /* CLinuxTime.h */,
				1E1CA00F1F1473E0006E8451 /* CList_ZHW.h */,
				1E1CA0101F1473E0006E8451 /* CMutexFactory.h */,
				1E1CA0111F1473E0006E8451 /* CSemaphoreManager.h */,
				1E1CA0121F1473E0006E8451 /* CShareMemManager.h */,
				1E1CA0131F1473E0006E8451 /* CSmartPointer.h */,
				1E1CA0141F1473E0006E8451 /* CThreadFactory.h */,
				1E1CA0151F1473E0006E8451 /* CThreadPool.h */,
				1E1CA0161F1473E0006E8451 /* defines.h */,
				1E1CA0171F1473E0006E8451 /* ICMutex.h */,
				1E1CA0181F1473E0006E8451 /* ICSemaphoreNamed.h */,
				1E1CA0191F1473E0006E8451 /* ICSharedMemory.h */,
				1E1CA01A1F1473E0006E8451 /* IWork.h */,
				1E1CA01B1F1473E0006E8451 /* log.h */,
				1E1CA01C1F1473E0006E8451 /* RefBase.h */,
				1E1CA01D1F1473E0006E8451 /* reuse_pool.hpp */,
				1E1CA01E1F1473E0006E8451 /* scope_lock.hpp */,
				1E1CA01F1F1473E0006E8451 /* ThreadWithQueue.hpp */,
			);
			name = commons;
			path = ../../../../baseframe/inc/commons;
			sourceTree = "<group>";
		};
		1E1CA0201F1473E0006E8451 /* datahub */ = {
			isa = PBXGroup;
			children = (
				1E1CA0211F1473E0006E8451 /* CDataHubCtrl.h */,
				1E1CA0221F1473E0006E8451 /* DataRequest.h */,
				1E1CA0231F1473E0006E8451 /* DataRequestProtocol.h */,
			);
			name = datahub;
			path = ../../../../baseframe/inc/datahub;
			sourceTree = "<group>";
		};
		1E1CA0241F1473E0006E8451 /* MessageCenter */ = {
			isa = PBXGroup;
			children = (
				1E1CA0251F1473E0006E8451 /* MessageAdapter.h */,
				1E1CA0261F1473E0006E8451 /* MessageDefines.h */,
				1E1CA0271F1473E0006E8451 /* SharedThreadAdapter.h */,
				1E1CA0281F1473E0006E8451 /* SingleThreadAdapter.h */,
			);
			name = MessageCenter;
			path = ../../../../baseframe/inc/MessageCenter;
			sourceTree = "<group>";
		};
		1E1CA02A1F1473F8006E8451 /* Products */ = {
			isa = PBXGroup;
			children = (
				1E1CA02E1F1473F8006E8451 /* libcommons.a */,
			);
			name = Products;
			sourceTree = "<group>";
		};
		1E1CA0301F1473FB006E8451 /* Products */ = {
			isa = PBXGroup;
			children = (
				1E1CA0341F1473FB006E8451 /* libDataHub.a */,
			);
			name = Products;
			sourceTree = "<group>";
		};
		1E1CA0361F1473FE006E8451 /* Products */ = {
			isa = PBXGroup;
			children = (
				1E1CA03A1F1473FE006E8451 /* libMessageCenter.a */,
			);
			name = Products;
			sourceTree = "<group>";
		};
		FE1218DA1BF1ED18007CAD8E = {
			isa = PBXGroup;
			children = (
				1E1CA0051F1473CA006E8451 /* inc */,
				1E1CA0041F147370006E8451 /* input_incs */,
				1E1CA0031F147363006E8451 /* libs */,
				1E1C9FEA1F147353006E8451 /* FSNetworkEngine */,
				FE1218E41BF1ED18007CAD8E /* Products */,
				FE401C451DF3D08900FA17CC /* Frameworks */,
			);
			sourceTree = "<group>";
		};
		FE1218E41BF1ED18007CAD8E /* Products */ = {
			isa = PBXGroup;
			children = (
				FE1218E31BF1ED18007CAD8E /* libNetworkEngine.a */,
			);
			name = Products;
			sourceTree = "<group>";
		};
		FE401C451DF3D08900FA17CC /* Frameworks */ = {
			isa = PBXGroup;
			children = (
				FE401C461DF3D08900FA17CC /* libDataHub.a */,
			);
			name = Frameworks;
			sourceTree = "<group>";
		};
/* End PBXGroup section */

/* Begin PBXNativeTarget section */
		FE1218E21BF1ED18007CAD8E /* NetworkEngine */ = {
			isa = PBXNativeTarget;
			buildConfigurationList = FE1218EC1BF1ED18007CAD8E /* Build configuration list for PBXNativeTarget "NetworkEngine" */;
			buildPhases = (
				FE1218DF1BF1ED18007CAD8E /* Sources */,
				FE1218E01BF1ED18007CAD8E /* Frameworks */,
				FE1218E11BF1ED18007CAD8E /* CopyFiles */,
				08AE55F31C4499390025CCA4 /* ShellScript */,
			);
			buildRules = (
			);
			dependencies = (
				1E1CA03F1F14740F006E8451 /* PBXTargetDependency */,
				1E1CA0411F14740F006E8451 /* PBXTargetDependency */,
				1E1CA0431F14740F006E8451 /* PBXTargetDependency */,
			);
			name = NetworkEngine;
			productName = NetworkEngine;
			productReference = FE1218E31BF1ED18007CAD8E /* libNetworkEngine.a */;
			productType = "com.apple.product-type.library.static";
		};
/* End PBXNativeTarget section */

/* Begin PBXProject section */
		FE1218DB1BF1ED18007CAD8E /* Project object */ = {
			isa = PBXProject;
			attributes = {
				LastUpgradeCheck = 0710;
				ORGANIZATIONNAME = fxiaoke;
				TargetAttributes = {
					FE1218E21BF1ED18007CAD8E = {
						CreatedOnToolsVersion = 7.1;
					};
				};
			};
			buildConfigurationList = FE1218DE1BF1ED18007CAD8E /* Build configuration list for PBXProject "NetworkEngine" */;
			compatibilityVersion = "Xcode 3.2";
			developmentRegion = English;
			hasScannedForEncodings = 0;
			knownRegions = (
				en,
			);
			mainGroup = FE1218DA1BF1ED18007CAD8E;
			productRefGroup = FE1218E41BF1ED18007CAD8E /* Products */;
			projectDirPath = "";
			projectReferences = (
				{
					ProductGroup = 1E1CA02A1F1473F8006E8451 /* Products */;
					ProjectRef = 1E1CA0291F1473F8006E8451 /* commons.xcodeproj */;
				},
				{
					ProductGroup = 1E1CA0301F1473FB006E8451 /* Products */;
					ProjectRef = 1E1CA02F1F1473FB006E8451 /* DataHub.xcodeproj */;
				},
				{
					ProductGroup = 1E1CA0361F1473FE006E8451 /* Products */;
					ProjectRef = 1E1CA0351F1473FE006E8451 /* MessageCenter.xcodeproj */;
				},
			);
			projectRoot = "";
			targets = (
				FE1218E21BF1ED18007CAD8E /* NetworkEngine */,
			);
		};
/* End PBXProject section */

/* Begin PBXReferenceProxy section */
		1E1CA02E1F1473F8006E8451 /* libcommons.a */ = {
			isa = PBXReferenceProxy;
			fileType = archive.ar;
			path = libcommons.a;
			remoteRef = 1E1CA02D1F1473F8006E8451 /* PBXContainerItemProxy */;
			sourceTree = BUILT_PRODUCTS_DIR;
		};
		1E1CA0341F1473FB006E8451 /* libDataHub.a */ = {
			isa = PBXReferenceProxy;
			fileType = archive.ar;
			path = libDataHub.a;
			remoteRef = 1E1CA0331F1473FB006E8451 /* PBXContainerItemProxy */;
			sourceTree = BUILT_PRODUCTS_DIR;
		};
		1E1CA03A1F1473FE006E8451 /* libMessageCenter.a */ = {
			isa = PBXReferenceProxy;
			fileType = archive.ar;
			path = libMessageCenter.a;
			remoteRef = 1E1CA0391F1473FE006E8451 /* PBXContainerItemProxy */;
			sourceTree = BUILT_PRODUCTS_DIR;
		};
/* End PBXReferenceProxy section */

/* Begin PBXShellScriptBuildPhase section */
		08AE55F31C4499390025CCA4 /* ShellScript */ = {
			isa = PBXShellScriptBuildPhase;
			buildActionMask = 2147483647;
			files = (
			);
			inputPaths = (
			);
			outputPaths = (
			);
			runOnlyForDeploymentPostprocessing = 0;
			shellPath = /bin/sh;
			shellScript = "#编译lib并移动到工程目录\n#PROJECT_DIR=${PROJECT_DIR}\n#TARGET=${TARGET_BUILD_DIR}\n\n#rm -fr \"${PROJECT_DIR}/../../../../Library/NetworkEngine/*\"\n#cp -R \"${TARGET}\" \"${PROJECT_DIR}/../../../../Library/NetworkEngine\"";
		};
/* End PBXShellScriptBuildPhase section */

/* Begin PBXSourcesBuildPhase section */
		FE1218DF1BF1ED18007CAD8E /* Sources */ = {
			isa = PBXSourcesBuildPhase;
			buildActionMask = 2147483647;
			files = (
				1E1C9FFF1F147353006E8451 /* SocketFunctions.cpp in Sources */,
				1E1C9FFE1F147353006E8451 /* NetWorkEngineTools.cpp in Sources */,
				1E1C9FFB1F147353006E8451 /* CSocketConnectWork.cpp in Sources */,
				1E1CA0011F147353006E8451 /* SocketRecvManager.cpp in Sources */,
				1E1C9FFC1F147353006E8451 /* CSocketWork.cpp in Sources */,
				1E1CA0001F147353006E8451 /* SocketHandlerMapper.cpp in Sources */,
				1E1C9FFD1F147353006E8451 /* FSNetworkEngine.cpp in Sources */,
				1E1CA0021F147353006E8451 /* SocketUtility.cpp in Sources */,
			);
			runOnlyForDeploymentPostprocessing = 0;
		};
/* End PBXSourcesBuildPhase section */

/* Begin PBXTargetDependency section */
		1E1CA03F1F14740F006E8451 /* PBXTargetDependency */ = {
			isa = PBXTargetDependency;
			name = MessageCenter;
			targetProxy = 1E1CA03E1F14740F006E8451 /* PBXContainerItemProxy */;
		};
		1E1CA0411F14740F006E8451 /* PBXTargetDependency */ = {
			isa = PBXTargetDependency;
			name = DataHub;
			targetProxy = 1E1CA0401F14740F006E8451 /* PBXContainerItemProxy */;
		};
		1E1CA0431F14740F006E8451 /* PBXTargetDependency */ = {
			isa = PBXTargetDependency;
			name = commons;
			targetProxy = 1E1CA0421F14740F006E8451 /* PBXContainerItemProxy */;
		};
/* End PBXTargetDependency section */

/* Begin XCBuildConfiguration section */
		FE1218EA1BF1ED18007CAD8E /* Debug */ = {
			isa = XCBuildConfiguration;
			buildSettings = {
				ALWAYS_SEARCH_USER_PATHS = NO;
				CLANG_CXX_LANGUAGE_STANDARD = "gnu++0x";
				CLANG_CXX_LIBRARY = "libc++";
				CLANG_ENABLE_MODULES = YES;
				CLANG_ENABLE_OBJC_ARC = YES;
				CLANG_WARN_BOOL_CONVERSION = YES;
				CLANG_WARN_CONSTANT_CONVERSION = YES;
				CLANG_WARN_DIRECT_OBJC_ISA_USAGE = YES_ERROR;
				CLANG_WARN_EMPTY_BODY = YES;
				CLANG_WARN_ENUM_CONVERSION = YES;
				CLANG_WARN_INT_CONVERSION = YES;
				CLANG_WARN_OBJC_ROOT_CLASS = YES_ERROR;
				CLANG_WARN_UNREACHABLE_CODE = YES;
				CLANG_WARN__DUPLICATE_METHOD_MATCH = YES;
				"CODE_SIGN_IDENTITY[sdk=iphoneos*]" = "iPhone Developer";
				COPY_PHASE_STRIP = NO;
				DEBUG_INFORMATION_FORMAT = dwarf;
				ENABLE_STRICT_OBJC_MSGSEND = YES;
				ENABLE_TESTABILITY = YES;
				GCC_C_LANGUAGE_STANDARD = gnu99;
				GCC_DYNAMIC_NO_PIC = NO;
				GCC_NO_COMMON_BLOCKS = YES;
				GCC_OPTIMIZATION_LEVEL = 0;
				GCC_PREPROCESSOR_DEFINITIONS = (
					"DEBUG=1",
					"$(inherited)",
				);
				GCC_WARN_64_TO_32_BIT_CONVERSION = YES;
				GCC_WARN_ABOUT_RETURN_TYPE = YES_ERROR;
				GCC_WARN_UNDECLARED_SELECTOR = YES;
				GCC_WARN_UNINITIALIZED_AUTOS = YES_AGGRESSIVE;
				GCC_WARN_UNUSED_FUNCTION = YES;
				GCC_WARN_UNUSED_VARIABLE = YES;
				IPHONEOS_DEPLOYMENT_TARGET = 8.0;
				MTL_ENABLE_DEBUG_INFO = YES;
				ONLY_ACTIVE_ARCH = YES;
				SDKROOT = iphoneos;
			};
			name = Debug;
		};
		FE1218EB1BF1ED18007CAD8E /* Release */ = {
			isa = XCBuildConfiguration;
			buildSettings = {
				ALWAYS_SEARCH_USER_PATHS = NO;
				CLANG_CXX_LANGUAGE_STANDARD = "gnu++0x";
				CLANG_CXX_LIBRARY = "libc++";
				CLANG_ENABLE_MODULES = YES;
				CLANG_ENABLE_OBJC_ARC = YES;
				CLANG_WARN_BOOL_CONVERSION = YES;
				CLANG_WARN_CONSTANT_CONVERSION = YES;
				CLANG_WARN_DIRECT_OBJC_ISA_USAGE = YES_ERROR;
				CLANG_WARN_EMPTY_BODY = YES;
				CLANG_WARN_ENUM_CONVERSION = YES;
				CLANG_WARN_INT_CONVERSION = YES;
				CLANG_WARN_OBJC_ROOT_CLASS = YES_ERROR;
				CLANG_WARN_UNREACHABLE_CODE = YES;
				CLANG_WARN__DUPLICATE_METHOD_MATCH = YES;
				"CODE_SIGN_IDENTITY[sdk=iphoneos*]" = "iPhone Developer";
				COPY_PHASE_STRIP = NO;
				DEBUG_INFORMATION_FORMAT = "dwarf-with-dsym";
				ENABLE_NS_ASSERTIONS = NO;
				ENABLE_STRICT_OBJC_MSGSEND = YES;
				GCC_C_LANGUAGE_STANDARD = gnu99;
				GCC_NO_COMMON_BLOCKS = YES;
				GCC_WARN_64_TO_32_BIT_CONVERSION = YES;
				GCC_WARN_ABOUT_RETURN_TYPE = YES_ERROR;
				GCC_WARN_UNDECLARED_SELECTOR = YES;
				GCC_WARN_UNINITIALIZED_AUTOS = YES_AGGRESSIVE;
				GCC_WARN_UNUSED_FUNCTION = YES;
				GCC_WARN_UNUSED_VARIABLE = YES;
				IPHONEOS_DEPLOYMENT_TARGET = 8.0;
				MTL_ENABLE_DEBUG_INFO = NO;
				SDKROOT = iphoneos;
				VALIDATE_PRODUCT = YES;
			};
			name = Release;
		};
		FE1218ED1BF1ED18007CAD8E /* Debug */ = {
			isa = XCBuildConfiguration;
			buildSettings = {
				CLANG_CXX_LIBRARY = "libstdc++";
				CONFIGURATION_BUILD_DIR = "$(SRCROOT)/../../../lib/ios/$(TARGET_NAME)/$(CONFIGURATION)$(EFFECTIVE_PLATFORM_NAME)";
				IPHONEOS_DEPLOYMENT_TARGET = 8.0;
				ONLY_ACTIVE_ARCH = NO;
				OTHER_CPLUSPLUSFLAGS = (
					"$(OTHER_CFLAGS)",
					"-std=c++0x",
				);
				OTHER_LDFLAGS = "-ObjC";
				PRODUCT_NAME = "$(TARGET_NAME)";
				SKIP_INSTALL = YES;
			};
			name = Debug;
		};
		FE1218EE1BF1ED18007CAD8E /* Release */ = {
			isa = XCBuildConfiguration;
			buildSettings = {
				CLANG_CXX_LIBRARY = "libstdc++";
				CONFIGURATION_BUILD_DIR = "$(SRCROOT)/../../../lib/ios/$(TARGET_NAME)/$(CONFIGURATION)$(EFFECTIVE_PLATFORM_NAME)";
				IPHONEOS_DEPLOYMENT_TARGET = 8.0;
				OTHER_CPLUSPLUSFLAGS = (
					"$(OTHER_CFLAGS)",
					"-std=c++0x",
				);
				OTHER_LDFLAGS = "-ObjC";
				PRODUCT_NAME = "$(TARGET_NAME)";
				SKIP_INSTALL = YES;
			};
			name = Release;
		};
/* End XCBuildConfiguration section */

/* Begin XCConfigurationList section */
		FE1218DE1BF1ED18007CAD8E /* Build configuration list for PBXProject "NetworkEngine" */ = {
			isa = XCConfigurationList;
			buildConfigurations = (
				FE1218EA1BF1ED18007CAD8E /* Debug */,
				FE1218EB1BF1ED18007CAD8E /* Release */,
			);
			defaultConfigurationIsVisible = 0;
			defaultConfigurationName = Release;
		};
		FE1218EC1BF1ED18007CAD8E /* Build configuration list for PBXNativeTarget "NetworkEngine" */ = {
			isa = XCConfigurationList;
			buildConfigurations = (
				FE1218ED1BF1ED18007CAD8E /* Debug */,
				FE1218EE1BF1ED18007CAD8E /* Release */,
			);
			defaultConfigurationIsVisible = 0;
			defaultConfigurationName = Release;
		};
/* End XCConfigurationList section */
	};
	rootObject = FE1218DB1BF1ED18007CAD8E /* Project object */;
}