// !$*UTF8*$!
{
	archiveVersion = 1;
	classes = {
	};
	objectVersion = 46;
	objects = {

/* Begin PBXBuildFile section */
		1E4103021B8469A9006E7D89 /* test.cpp in Sources */ = {isa = PBXBuildFile; fileRef = 1E4103001B8469A9006E7D89 /* test.cpp */; };
		1E4103031B8469E9006E7D89 /* libcommons.a in Frameworks */ = {isa = PBXBuildFile; fileRef = 1ED0993A1B4F8E6100F97A54 /* libcommons.a */; };
		1E4103051B8469E9006E7D89 /* libMessageCenter.a in Frameworks */ = {isa = PBXBuildFile; fileRef = 1ED099401B4F8E6600F97A54 /* libMessageCenter.a */; };
		1EE896011BFAC15C00CE426D /* libSocketEngine.a in Frameworks */ = {isa = PBXBuildFile; fileRef = 1EE895FE1BFAC00400CE426D /* libSocketEngine.a */; };
/* End PBXBuildFile section */

/* Begin PBXContainerItemProxy section */
		1E4103061B8469F0006E7D89 /* PBXContainerItemProxy */ = {
			isa = PBXContainerItemProxy;
			containerPortal = 1ED0993B1B4F8E6600F97A54 /* MessageCenter.xcodeproj */;
			proxyType = 1;
			remoteGlobalIDString = 1EFB42461A1B8D4F0073D79A;
			remoteInfo = MessageCenter;
		};
		1E4103081B8469F0006E7D89 /* PBXContainerItemProxy */ = {
			isa = PBXContainerItemProxy;
			containerPortal = 1ED099351B4F8E6100F97A54 /* commons.xcodeproj */;
			proxyType = 1;
			remoteGlobalIDString = 1E757D051A24AC1E008E7889;
			remoteInfo = commons;
		};
		1ED099391B4F8E6100F97A54 /* PBXContainerItemProxy */ = {
			isa = PBXContainerItemProxy;
			containerPortal = 1ED099351B4F8E6100F97A54 /* commons.xcodeproj */;
			proxyType = 2;
			remoteGlobalIDString = 1E757D061A24AC1E008E7889;
			remoteInfo = commons;
		};
		1ED0993F1B4F8E6600F97A54 /* PBXContainerItemProxy */ = {
			isa = PBXContainerItemProxy;
			containerPortal = 1ED0993B1B4F8E6600F97A54 /* MessageCenter.xcodeproj */;
			proxyType = 2;
			remoteGlobalIDString = 1EFB42471A1B8D4F0073D79A;
			remoteInfo = MessageCenter;
		};
		1EE895FD1BFAC00400CE426D /* PBXContainerItemProxy */ = {
			isa = PBXContainerItemProxy;
			containerPortal = 1EE895F91BFAC00400CE426D /* SocketEngine.xcodeproj */;
			proxyType = 2;
			remoteGlobalIDString = FE69705E1BF9E80500E34256;
			remoteInfo = SocketEngine;
		};
		1EE896021BFAC15F00CE426D /* PBXContainerItemProxy */ = {
			isa = PBXContainerItemProxy;
			containerPortal = 1EE895F91BFAC00400CE426D /* SocketEngine.xcodeproj */;
			proxyType = 1;
			remoteGlobalIDString = FE69705D1BF9E80500E34256;
			remoteInfo = SocketEngine;
		};
/* End PBXContainerItemProxy section */

/* Begin PBXCopyFilesBuildPhase section */
		1E83066F1B4E74A400BEBDB3 /* CopyFiles */ = {
			isa = PBXCopyFilesBuildPhase;
			buildActionMask = 2147483647;
			dstPath = "";
			dstSubfolderSpec = 0;
			files = (
			);
			runOnlyForDeploymentPostprocessing = 0;
		};
/* End PBXCopyFilesBuildPhase section */

/* Begin PBXFileReference section */
		1E4103001B8469A9006E7D89 /* test.cpp */ = {isa = PBXFileReference; fileEncoding = 4; lastKnownFileType = sourcecode.cpp.cpp; path = test.cpp; sourceTree = "<group>"; };
		1E4103011B8469A9006E7D89 /* test.h */ = {isa = PBXFileReference; fileEncoding = 4; lastKnownFileType = sourcecode.c.h; path = test.h; sourceTree = "<group>"; };
		1E8306711B4E74A400BEBDB3 /* libRenderEngine.a */ = {isa = PBXFileReference; explicitFileType = archive.ar; includeInIndex = 0; path = libRenderEngine.a; sourceTree = BUILT_PRODUCTS_DIR; };
		1ED099351B4F8E6100F97A54 /* commons.xcodeproj */ = {isa = PBXFileReference; lastKnownFileType = "wrapper.pb-project"; name = commons.xcodeproj; path = ../commons/commons.xcodeproj; sourceTree = "<group>"; };
		1ED0993B1B4F8E6600F97A54 /* MessageCenter.xcodeproj */ = {isa = PBXFileReference; lastKnownFileType = "wrapper.pb-project"; name = MessageCenter.xcodeproj; path = ../MessageCenter/MessageCenter.xcodeproj; sourceTree = "<group>"; };
		1EE895F91BFAC00400CE426D /* SocketEngine.xcodeproj */ = {isa = PBXFileReference; lastKnownFileType = "wrapper.pb-project"; name = SocketEngine.xcodeproj; path = ../SocketEngine/SocketEngine.xcodeproj; sourceTree = "<group>"; };
/* End PBXFileReference section */

/* Begin PBXFrameworksBuildPhase section */
		1E83066E1B4E74A400BEBDB3 /* Frameworks */ = {
			isa = PBXFrameworksBuildPhase;
			buildActionMask = 2147483647;
			files = (
				1EE896011BFAC15C00CE426D /* libSocketEngine.a in Frameworks */,
				1E4103031B8469E9006E7D89 /* libcommons.a in Frameworks */,
				1E4103051B8469E9006E7D89 /* libMessageCenter.a in Frameworks */,
			);
			runOnlyForDeploymentPostprocessing = 0;
		};
/* End PBXFrameworksBuildPhase section */

/* Begin PBXGroup section */
		1E4102FA1B84674A006E7D89 /* RenderEngine */ = {
			isa = PBXGroup;
			children = (
			);
			name = RenderEngine;
			sourceTree = "<group>";
		};
		1E8306681B4E74A400BEBDB3 = {
			isa = PBXGroup;
			children = (
				1E83068B1B4E74F900BEBDB3 /* component */,
				1E8306731B4E74A400BEBDB3 /* RenderEngine */,
				1E8306721B4E74A400BEBDB3 /* Products */,
			);
			sourceTree = "<group>";
		};
		1E8306721B4E74A400BEBDB3 /* Products */ = {
			isa = PBXGroup;
			children = (
				1E8306711B4E74A400BEBDB3 /* libRenderEngine.a */,
			);
			name = Products;
			sourceTree = "<group>";
		};
		1E8306731B4E74A400BEBDB3 /* RenderEngine */ = {
			isa = PBXGroup;
			children = (
				1E4102FA1B84674A006E7D89 /* RenderEngine */,
				1E4103001B8469A9006E7D89 /* test.cpp */,
				1E4103011B8469A9006E7D89 /* test.h */,
			);
			path = RenderEngine;
			sourceTree = "<group>";
		};
		1E83068B1B4E74F900BEBDB3 /* component */ = {
			isa = PBXGroup;
			children = (
				1EE895F91BFAC00400CE426D /* SocketEngine.xcodeproj */,
				1ED0993B1B4F8E6600F97A54 /* MessageCenter.xcodeproj */,
				1ED099351B4F8E6100F97A54 /* commons.xcodeproj */,
			);
			name = component;
			sourceTree = "<group>";
		};
		1ED099361B4F8E6100F97A54 /* Products */ = {
			isa = PBXGroup;
			children = (
				1ED0993A1B4F8E6100F97A54 /* libcommons.a */,
			);
			name = Products;
			sourceTree = "<group>";
		};
		1ED0993C1B4F8E6600F97A54 /* Products */ = {
			isa = PBXGroup;
			children = (
				1ED099401B4F8E6600F97A54 /* libMessageCenter.a */,
			);
			name = Products;
			sourceTree = "<group>";
		};
		1EE895FA1BFAC00400CE426D /* Products */ = {
			isa = PBXGroup;
			children = (
				1EE895FE1BFAC00400CE426D /* libSocketEngine.a */,
			);
			name = Products;
			sourceTree = "<group>";
		};
/* End PBXGroup section */

/* Begin PBXNativeTarget section */
		1E8306701B4E74A400BEBDB3 /* RenderEngine */ = {
			isa = PBXNativeTarget;
			buildConfigurationList = 1E8306851B4E74A400BEBDB3 /* Build configuration list for PBXNativeTarget "RenderEngine" */;
			buildPhases = (
				1E83066D1B4E74A400BEBDB3 /* Sources */,
				1E83066E1B4E74A400BEBDB3 /* Frameworks */,
				1E83066F1B4E74A400BEBDB3 /* CopyFiles */,
			);
			buildRules = (
			);
			dependencies = (
				1EE896031BFAC15F00CE426D /* PBXTargetDependency */,
				1E4103071B8469F0006E7D89 /* PBXTargetDependency */,
				1E4103091B8469F0006E7D89 /* PBXTargetDependency */,
			);
			name = RenderEngine;
			productName = RenderEngine;
			productReference = 1E8306711B4E74A400BEBDB3 /* libRenderEngine.a */;
			productType = "com.apple.product-type.library.static";
		};
/* End PBXNativeTarget section */

/* Begin PBXProject section */
		1E8306691B4E74A400BEBDB3 /* Project object */ = {
			isa = PBXProject;
			attributes = {
				LastUpgradeCheck = 0640;
				ORGANIZATIONNAME = "周贺伟";
				TargetAttributes = {
					1E8306701B4E74A400BEBDB3 = {
						CreatedOnToolsVersion = 6.4;
					};
				};
			};
			buildConfigurationList = 1E83066C1B4E74A400BEBDB3 /* Build configuration list for PBXProject "RenderEngine" */;
			compatibilityVersion = "Xcode 3.2";
			developmentRegion = English;
			hasScannedForEncodings = 0;
			knownRegions = (
				en,
			);
			mainGroup = 1E8306681B4E74A400BEBDB3;
			productRefGroup = 1E8306721B4E74A400BEBDB3 /* Products */;
			projectDirPath = "";
			projectReferences = (
				{
					ProductGroup = 1ED099361B4F8E6100F97A54 /* Products */;
					ProjectRef = 1ED099351B4F8E6100F97A54 /* commons.xcodeproj */;
				},
				{
					ProductGroup = 1ED0993C1B4F8E6600F97A54 /* Products */;
					ProjectRef = 1ED0993B1B4F8E6600F97A54 /* MessageCenter.xcodeproj */;
				},
				{
					ProductGroup = 1EE895FA1BFAC00400CE426D /* Products */;
					ProjectRef = 1EE895F91BFAC00400CE426D /* SocketEngine.xcodeproj */;
				},
			);
			projectRoot = "";
			targets = (
				1E8306701B4E74A400BEBDB3 /* RenderEngine */,
			);
		};
/* End PBXProject section */

/* Begin PBXReferenceProxy section */
		1ED0993A1B4F8E6100F97A54 /* libcommons.a */ = {
			isa = PBXReferenceProxy;
			fileType = archive.ar;
			path = libcommons.a;
			remoteRef = 1ED099391B4F8E6100F97A54 /* PBXContainerItemProxy */;
			sourceTree = BUILT_PRODUCTS_DIR;
		};
		1ED099401B4F8E6600F97A54 /* libMessageCenter.a */ = {
			isa = PBXReferenceProxy;
			fileType = archive.ar;
			path = libMessageCenter.a;
			remoteRef = 1ED0993F1B4F8E6600F97A54 /* PBXContainerItemProxy */;
			sourceTree = BUILT_PRODUCTS_DIR;
		};
		1EE895FE1BFAC00400CE426D /* libSocketEngine.a */ = {
			isa = PBXReferenceProxy;
			fileType = archive.ar;
			path = libSocketEngine.a;
			remoteRef = 1EE895FD1BFAC00400CE426D /* PBXContainerItemProxy */;
			sourceTree = BUILT_PRODUCTS_DIR;
		};
/* End PBXReferenceProxy section */

/* Begin PBXSourcesBuildPhase section */
		1E83066D1B4E74A400BEBDB3 /* Sources */ = {
			isa = PBXSourcesBuildPhase;
			buildActionMask = 2147483647;
			files = (
				1E4103021B8469A9006E7D89 /* test.cpp in Sources */,
			);
			runOnlyForDeploymentPostprocessing = 0;
		};
/* End PBXSourcesBuildPhase section */

/* Begin PBXTargetDependency section */
		1E4103071B8469F0006E7D89 /* PBXTargetDependency */ = {
			isa = PBXTargetDependency;
			name = MessageCenter;
			targetProxy = 1E4103061B8469F0006E7D89 /* PBXContainerItemProxy */;
		};
		1E4103091B8469F0006E7D89 /* PBXTargetDependency */ = {
			isa = PBXTargetDependency;
			name = commons;
			targetProxy = 1E4103081B8469F0006E7D89 /* PBXContainerItemProxy */;
		};
		1EE896031BFAC15F00CE426D /* PBXTargetDependency */ = {
			isa = PBXTargetDependency;
			name = SocketEngine;
			targetProxy = 1EE896021BFAC15F00CE426D /* PBXContainerItemProxy */;
		};
/* End PBXTargetDependency section */

/* Begin XCBuildConfiguration section */
		1E8306831B4E74A400BEBDB3 /* Debug */ = {
			isa = XCBuildConfiguration;
			buildSettings = {
				ALWAYS_SEARCH_USER_PATHS = NO;
				CLANG_CXX_LANGUAGE_STANDARD = "gnu++0x";
				CLANG_CXX_LIBRARY = "libc++";
				CLANG_ENABLE_MODULES = YES;
				CLANG_ENABLE_OBJC_ARC = YES;
				CLANG_WARN_BOOL_CONVERSION = YES;
				CLANG_WARN_CONSTANT_CONVERSION = YES;
				CLANG_WARN_DIRECT_OBJC_ISA_USAGE = YES_ERROR;
				CLANG_WARN_EMPTY_BODY = YES;
				CLANG_WARN_ENUM_CONVERSION = YES;
				CLANG_WARN_INT_CONVERSION = YES;
				CLANG_WARN_OBJC_ROOT_CLASS = YES_ERROR;
				CLANG_WARN_UNREACHABLE_CODE = YES;
				CLANG_WARN__DUPLICATE_METHOD_MATCH = YES;
				COPY_PHASE_STRIP = NO;
				DEBUG_INFORMATION_FORMAT = "dwarf-with-dsym";
				ENABLE_STRICT_OBJC_MSGSEND = YES;
				GCC_C_LANGUAGE_STANDARD = gnu99;
				GCC_DYNAMIC_NO_PIC = NO;
				GCC_NO_COMMON_BLOCKS = YES;
				GCC_OPTIMIZATION_LEVEL = 0;
				GCC_PREPROCESSOR_DEFINITIONS = (
					"DEBUG=1",
					"$(inherited)",
				);
				GCC_SYMBOLS_PRIVATE_EXTERN = NO;
				GCC_WARN_64_TO_32_BIT_CONVERSION = YES;
				GCC_WARN_ABOUT_RETURN_TYPE = YES_ERROR;
				GCC_WARN_UNDECLARED_SELECTOR = YES;
				GCC_WARN_UNINITIALIZED_AUTOS = YES_AGGRESSIVE;
				GCC_WARN_UNUSED_FUNCTION = YES;
				GCC_WARN_UNUSED_VARIABLE = YES;
				IPHONEOS_DEPLOYMENT_TARGET = 8.4;
				MTL_ENABLE_DEBUG_INFO = YES;
				ONLY_ACTIVE_ARCH = YES;
				SDKROOT = iphoneos;
			};
			name = Debug;
		};
		1E8306841B4E74A400BEBDB3 /* Release */ = {
			isa = XCBuildConfiguration;
			buildSettings = {
				ALWAYS_SEARCH_USER_PATHS = NO;
				CLANG_CXX_LANGUAGE_STANDARD = "gnu++0x";
				CLANG_CXX_LIBRARY = "libc++";
				CLANG_ENABLE_MODULES = YES;
				CLANG_ENABLE_OBJC_ARC = YES;
				CLANG_WARN_BOOL_CONVERSION = YES;
				CLANG_WARN_CONSTANT_CONVERSION = YES;
				CLANG_WARN_DIRECT_OBJC_ISA_USAGE = YES_ERROR;
				CLANG_WARN_EMPTY_BODY = YES;
				CLANG_WARN_ENUM_CONVERSION = YES;
				CLANG_WARN_INT_CONVERSION = YES;
				CLANG_WARN_OBJC_ROOT_CLASS = YES_ERROR;
				CLANG_WARN_UNREACHABLE_CODE = YES;
				CLANG_WARN__DUPLICATE_METHOD_MATCH = YES;
				COPY_PHASE_STRIP = NO;
				DEBUG_INFORMATION_FORMAT = "dwarf-with-dsym";
				ENABLE_NS_ASSERTIONS = NO;
				ENABLE_STRICT_OBJC_MSGSEND = YES;
				GCC_C_LANGUAGE_STANDARD = gnu99;
				GCC_NO_COMMON_BLOCKS = YES;
				GCC_WARN_64_TO_32_BIT_CONVERSION = YES;
				GCC_WARN_ABOUT_RETURN_TYPE = YES_ERROR;
				GCC_WARN_UNDECLARED_SELECTOR = YES;
				GCC_WARN_UNINITIALIZED_AUTOS = YES_AGGRESSIVE;
				GCC_WARN_UNUSED_FUNCTION = YES;
				GCC_WARN_UNUSED_VARIABLE = YES;
				IPHONEOS_DEPLOYMENT_TARGET = 8.4;
				MTL_ENABLE_DEBUG_INFO = NO;
				SDKROOT = iphoneos;
				VALIDATE_PRODUCT = YES;
			};
			name = Release;
		};
		1E8306861B4E74A400BEBDB3 /* Debug */ = {
			isa = XCBuildConfiguration;
			buildSettings = {
				CONFIGURATION_BUILD_DIR = "$(SRCROOT)/build/$(CONFIGURATION)$(EFFECTIVE_PLATFORM_NAME)";
				IPHONEOS_DEPLOYMENT_TARGET = 7.0;
				OTHER_CPLUSPLUSFLAGS = (
					"$(OTHER_CFLAGS)",
					"-std=c++0x",
				);
				OTHER_LDFLAGS = "-ObjC";
				PRODUCT_NAME = "$(TARGET_NAME)";
				SKIP_INSTALL = YES;
			};
			name = Debug;
		};
		1E8306871B4E74A400BEBDB3 /* Release */ = {
			isa = XCBuildConfiguration;
			buildSettings = {
				CONFIGURATION_BUILD_DIR = "$(SRCROOT)/build/$(CONFIGURATION)$(EFFECTIVE_PLATFORM_NAME)";
				IPHONEOS_DEPLOYMENT_TARGET = 7.0;
				OTHER_CPLUSPLUSFLAGS = (
					"$(OTHER_CFLAGS)",
					"-std=c++0x",
				);
				OTHER_LDFLAGS = "-ObjC";
				PRODUCT_NAME = "$(TARGET_NAME)";
				SKIP_INSTALL = YES;
			};
			name = Release;
		};
/* End XCBuildConfiguration section */

/* Begin XCConfigurationList section */
		1E83066C1B4E74A400BEBDB3 /* Build configuration list for PBXProject "RenderEngine" */ = {
			isa = XCConfigurationList;
			buildConfigurations = (
				1E8306831B4E74A400BEBDB3 /* Debug */,
				1E8306841B4E74A400BEBDB3 /* Release */,
			);
			defaultConfigurationIsVisible = 0;
			defaultConfigurationName = Release;
		};
		1E8306851B4E74A400BEBDB3 /* Build configuration list for PBXNativeTarget "RenderEngine" */ = {
			isa = XCConfigurationList;
			buildConfigurations = (
				1E8306861B4E74A400BEBDB3 /* Debug */,
				1E8306871B4E74A400BEBDB3 /* Release */,
			);
			defaultConfigurationIsVisible = 0;
			defaultConfigurationName = Release;
		};
/* End XCConfigurationList section */
	};
	rootObject = 1E8306691B4E74A400BEBDB3 /* Project object */;
}
