// !$*UTF8*$!
{
	archiveVersion = 1;
	classes = {
	};
	objectVersion = 46;
	objects = {

/* Begin PBXBuildFile section */
		1EA9277620071B93007D3D42 /* TaskBean+Private.h in Headers */ = {isa = PBXBuildFile; fileRef = 1EA9276920071B93007D3D42 /* TaskBean+Private.h */; };
		1EA9277720071B93007D3D42 /* TaskBean.m in Sources */ = {isa = PBXBuildFile; fileRef = 1EA9276A20071B93007D3D42 /* TaskBean.m */; };
		1EA9277820071B93007D3D42 /* Channel+Sender.h in Headers */ = {isa = PBXBuildFile; fileRef = 1EA9276B20071B93007D3D42 /* Channel+Sender.h */; };
		1EA9277920071B93007D3D42 /* Channel.m in Sources */ = {isa = PBXBuildFile; fileRef = 1EA9276C20071B93007D3D42 /* Channel.m */; };
		1EA9277A20071B93007D3D42 /* Channel+CallBack.h in Headers */ = {isa = PBXBuildFile; fileRef = 1EA9276D20071B93007D3D42 /* Channel+CallBack.h */; };
		1EA9277B20071B93007D3D42 /* NFCPQueueUtils.m in Sources */ = {isa = PBXBuildFile; fileRef = 1EA9276F20071B93007D3D42 /* NFCPQueueUtils.m */; };
		1EA9277C20071B93007D3D42 /* ConnectionHub.h in Headers */ = {isa = PBXBuildFile; fileRef = 1EA9277020071B93007D3D42 /* ConnectionHub.h */; };
		1EA9277D20071B93007D3D42 /* NFCPSession.m in Sources */ = {isa = PBXBuildFile; fileRef = 1EA9277120071B93007D3D42 /* NFCPSession.m */; };
		1EA9277F20071B93007D3D42 /* ConnectionHub.m in Sources */ = {isa = PBXBuildFile; fileRef = 1EA9277320071B93007D3D42 /* ConnectionHub.m */; };
		1EA9278020071B93007D3D42 /* NFCPQueueUtils.h in Headers */ = {isa = PBXBuildFile; fileRef = 1EA9277420071B93007D3D42 /* NFCPQueueUtils.h */; };
		1EA9278120071B93007D3D42 /* NFCPResponseMessage.m in Sources */ = {isa = PBXBuildFile; fileRef = 1EA9277520071B93007D3D42 /* NFCPResponseMessage.m */; };
		1EA9278620071BF0007D3D42 /* Channel.h in Headers */ = {isa = PBXBuildFile; fileRef = 1EA9278320071BF0007D3D42 /* Channel.h */; };
		1EA9278720071BF0007D3D42 /* NFCPResponseMessage.h in Headers */ = {isa = PBXBuildFile; fileRef = 1EA9278420071BF0007D3D42 /* NFCPResponseMessage.h */; };
		1EA9278820071BF0007D3D42 /* TaskBean.h in Headers */ = {isa = PBXBuildFile; fileRef = 1EA9278520071BF0007D3D42 /* TaskBean.h */; };
		1EA9278A20071C9D007D3D42 /* NFCPSession.h in Headers */ = {isa = PBXBuildFile; fileRef = 1EA9278920071C9D007D3D42 /* NFCPSession.h */; };
		1ECDF65720085DE400435572 /* IDataRequest.h in Headers */ = {isa = PBXBuildFile; fileRef = 1ECDF65520085DE400435572 /* IDataRequest.h */; };
		1ECDF65820085DE400435572 /* Connection.h in Headers */ = {isa = PBXBuildFile; fileRef = 1ECDF65620085DE400435572 /* Connection.h */; };
		1ECDF66920085E6900435572 /* libFSNetWorkEngine.a in Frameworks */ = {isa = PBXBuildFile; fileRef = 1ECDF64A20085D3C00435572 /* libFSNetWorkEngine.a */; };
/* End PBXBuildFile section */

/* Begin PBXContainerItemProxy section */
		1ECDF64920085D3C00435572 /* PBXContainerItemProxy */ = {
			isa = PBXContainerItemProxy;
			containerPortal = 1ECDF64420085D3C00435572 /* FSNetWorkEngine.xcodeproj */;
			proxyType = 2;
			remoteGlobalIDString = 1E1909EB1CEC181000433389;
			remoteInfo = FSNetWorkEngine;
		};
/* End PBXContainerItemProxy section */

/* Begin PBXFileReference section */
		1EA9276920071B93007D3D42 /* TaskBean+Private.h */ = {isa = PBXFileReference; fileEncoding = 4; lastKnownFileType = sourcecode.c.h; path = "TaskBean+Private.h"; sourceTree = "<group>"; };
		1EA9276A20071B93007D3D42 /* TaskBean.m */ = {isa = PBXFileReference; fileEncoding = 4; lastKnownFileType = sourcecode.c.objc; path = TaskBean.m; sourceTree = "<group>"; };
		1EA9276B20071B93007D3D42 /* Channel+Sender.h */ = {isa = PBXFileReference; fileEncoding = 4; lastKnownFileType = sourcecode.c.h; path = "Channel+Sender.h"; sourceTree = "<group>"; };
		1EA9276C20071B93007D3D42 /* Channel.m */ = {isa = PBXFileReference; fileEncoding = 4; lastKnownFileType = sourcecode.c.objc; path = Channel.m; sourceTree = "<group>"; };
		1EA9276D20071B93007D3D42 /* Channel+CallBack.h */ = {isa = PBXFileReference; fileEncoding = 4; lastKnownFileType = sourcecode.c.h; path = "Channel+CallBack.h"; sourceTree = "<group>"; };
		1EA9276F20071B93007D3D42 /* NFCPQueueUtils.m */ = {isa = PBXFileReference; fileEncoding = 4; lastKnownFileType = sourcecode.c.objc; path = NFCPQueueUtils.m; sourceTree = "<group>"; };
		1EA9277020071B93007D3D42 /* ConnectionHub.h */ = {isa = PBXFileReference; fileEncoding = 4; lastKnownFileType = sourcecode.c.h; path = ConnectionHub.h; sourceTree = "<group>"; };
		1EA9277120071B93007D3D42 /* NFCPSession.m */ = {isa = PBXFileReference; fileEncoding = 4; lastKnownFileType = sourcecode.c.objc; path = NFCPSession.m; sourceTree = "<group>"; };
		1EA9277320071B93007D3D42 /* ConnectionHub.m */ = {isa = PBXFileReference; fileEncoding = 4; lastKnownFileType = sourcecode.c.objc; path = ConnectionHub.m; sourceTree = "<group>"; };
		1EA9277420071B93007D3D42 /* NFCPQueueUtils.h */ = {isa = PBXFileReference; fileEncoding = 4; lastKnownFileType = sourcecode.c.h; path = NFCPQueueUtils.h; sourceTree = "<group>"; };
		1EA9277520071B93007D3D42 /* NFCPResponseMessage.m */ = {isa = PBXFileReference; fileEncoding = 4; lastKnownFileType = sourcecode.c.objc; path = NFCPResponseMessage.m; sourceTree = "<group>"; };
		1EA9278320071BF0007D3D42 /* Channel.h */ = {isa = PBXFileReference; fileEncoding = 4; lastKnownFileType = sourcecode.c.h; path = Channel.h; sourceTree = "<group>"; };
		1EA9278420071BF0007D3D42 /* NFCPResponseMessage.h */ = {isa = PBXFileReference; fileEncoding = 4; lastKnownFileType = sourcecode.c.h; path = NFCPResponseMessage.h; sourceTree = "<group>"; };
		1EA9278520071BF0007D3D42 /* TaskBean.h */ = {isa = PBXFileReference; fileEncoding = 4; lastKnownFileType = sourcecode.c.h; path = TaskBean.h; sourceTree = "<group>"; };
		1EA9278920071C9D007D3D42 /* NFCPSession.h */ = {isa = PBXFileReference; fileEncoding = 4; lastKnownFileType = sourcecode.c.h; path = NFCPSession.h; sourceTree = "<group>"; };
		1EC7E4EB1CF6D1DC001DB0A6 /* libNFCPSyncEngine.a */ = {isa = PBXFileReference; explicitFileType = archive.ar; includeInIndex = 0; path = libNFCPSyncEngine.a; sourceTree = BUILT_PRODUCTS_DIR; };
		1ECDF64420085D3C00435572 /* FSNetWorkEngine.xcodeproj */ = {isa = PBXFileReference; lastKnownFileType = "wrapper.pb-project"; name = FSNetWorkEngine.xcodeproj; path = FSNetWorkEngine/FSNetWorkEngine.xcodeproj; sourceTree = "<group>"; };
		1ECDF65520085DE400435572 /* IDataRequest.h */ = {isa = PBXFileReference; fileEncoding = 4; lastKnownFileType = sourcecode.c.h; name = IDataRequest.h; path = FSNetWorkEngine/inc/IDataRequest.h; sourceTree = SOURCE_ROOT; };
		1ECDF65620085DE400435572 /* Connection.h */ = {isa = PBXFileReference; fileEncoding = 4; lastKnownFileType = sourcecode.c.h; name = Connection.h; path = FSNetWorkEngine/inc/Connection.h; sourceTree = SOURCE_ROOT; };
		3E7F95F11D1CDF6100A7963A /* libstdc++.6.0.9.tbd */ = {isa = PBXFileReference; lastKnownFileType = "sourcecode.text-based-dylib-definition"; name = "libstdc++.6.0.9.tbd"; path = "usr/lib/libstdc++.6.0.9.tbd"; sourceTree = SDKROOT; };
		3E7F95F31D1CDF6700A7963A /* libsqlite3.0.tbd */ = {isa = PBXFileReference; lastKnownFileType = "sourcecode.text-based-dylib-definition"; name = libsqlite3.0.tbd; path = usr/lib/libsqlite3.0.tbd; sourceTree = SDKROOT; };
		3E7F95F51D1CE26A00A7963A /* libbz2.1.0.tbd */ = {isa = PBXFileReference; lastKnownFileType = "sourcecode.text-based-dylib-definition"; name = libbz2.1.0.tbd; path = usr/lib/libbz2.1.0.tbd; sourceTree = SDKROOT; };
		3E7F95F71D1CE31300A7963A /* libz.1.2.5.tbd */ = {isa = PBXFileReference; lastKnownFileType = "sourcecode.text-based-dylib-definition"; name = libz.1.2.5.tbd; path = usr/lib/libz.1.2.5.tbd; sourceTree = SDKROOT; };
/* End PBXFileReference section */

/* Begin PBXFrameworksBuildPhase section */
		1EC7E4E81CF6D1DC001DB0A6 /* Frameworks */ = {
			isa = PBXFrameworksBuildPhase;
			buildActionMask = 2147483647;
			files = (
				1ECDF66920085E6900435572 /* libFSNetWorkEngine.a in Frameworks */,
			);
			runOnlyForDeploymentPostprocessing = 0;
		};
/* End PBXFrameworksBuildPhase section */

/* Begin PBXGroup section */
		1EA9276820071B93007D3D42 /* Channel */ = {
			isa = PBXGroup;
			children = (
				1EA9276920071B93007D3D42 /* TaskBean+Private.h */,
				1EA9276A20071B93007D3D42 /* TaskBean.m */,
				1EA9276B20071B93007D3D42 /* Channel+Sender.h */,
				1EA9276C20071B93007D3D42 /* Channel.m */,
				1EA9276D20071B93007D3D42 /* Channel+CallBack.h */,
			);
			path = Channel;
			sourceTree = "<group>";
		};
		1EA9276E20071B93007D3D42 /* Session */ = {
			isa = PBXGroup;
			children = (
				1EA9276F20071B93007D3D42 /* NFCPQueueUtils.m */,
				1EA9277020071B93007D3D42 /* ConnectionHub.h */,
				1EA9277120071B93007D3D42 /* NFCPSession.m */,
				1EA9277320071B93007D3D42 /* ConnectionHub.m */,
				1EA9277420071B93007D3D42 /* NFCPQueueUtils.h */,
				1EA9277520071B93007D3D42 /* NFCPResponseMessage.m */,
			);
			path = Session;
			sourceTree = "<group>";
		};
		1EA9278220071BF0007D3D42 /* inc */ = {
			isa = PBXGroup;
			children = (
				1EA9278920071C9D007D3D42 /* NFCPSession.h */,
				1EA9278320071BF0007D3D42 /* Channel.h */,
				1EA9278420071BF0007D3D42 /* NFCPResponseMessage.h */,
				1EA9278520071BF0007D3D42 /* TaskBean.h */,
			);
			path = inc;
			sourceTree = SOURCE_ROOT;
		};
		1EC7E4E21CF6D1DC001DB0A6 = {
			isa = PBXGroup;
			children = (
				1ECDF64420085D3C00435572 /* FSNetWorkEngine.xcodeproj */,
				883056C91D35095600B0EE2E /* Frameworks */,
				1EC7E4ED1CF6D1DC001DB0A6 /* NFCPSyncEngine */,
				1EC7E4EC1CF6D1DC001DB0A6 /* Products */,
			);
			sourceTree = "<group>";
		};
		1EC7E4EC1CF6D1DC001DB0A6 /* Products */ = {
			isa = PBXGroup;
			children = (
				1EC7E4EB1CF6D1DC001DB0A6 /* libNFCPSyncEngine.a */,
			);
			name = Products;
			sourceTree = "<group>";
		};
		1EC7E4ED1CF6D1DC001DB0A6 /* NFCPSyncEngine */ = {
			isa = PBXGroup;
			children = (
				1ECDF65420085DC600435572 /* NetWrokEngineInc */,
				1EA9278220071BF0007D3D42 /* inc */,
				1EA9276820071B93007D3D42 /* Channel */,
				1EA9276E20071B93007D3D42 /* Session */,
			);
			path = NFCPSyncEngine;
			sourceTree = "<group>";
		};
		1ECDF64520085D3C00435572 /* Products */ = {
			isa = PBXGroup;
			children = (
				1ECDF64A20085D3C00435572 /* libFSNetWorkEngine.a */,
			);
			name = Products;
			sourceTree = "<group>";
		};
		1ECDF65420085DC600435572 /* NetWrokEngineInc */ = {
			isa = PBXGroup;
			children = (
				1ECDF65620085DE400435572 /* Connection.h */,
				1ECDF65520085DE400435572 /* IDataRequest.h */,
			);
			name = NetWrokEngineInc;
			sourceTree = "<group>";
		};
		883056C91D35095600B0EE2E /* Frameworks */ = {
			isa = PBXGroup;
			children = (
				3E7F95F71D1CE31300A7963A /* libz.1.2.5.tbd */,
				3E7F95F51D1CE26A00A7963A /* libbz2.1.0.tbd */,
				3E7F95F31D1CDF6700A7963A /* libsqlite3.0.tbd */,
				3E7F95F11D1CDF6100A7963A /* libstdc++.6.0.9.tbd */,
			);
			name = Frameworks;
			sourceTree = "<group>";
		};
/* End PBXGroup section */

/* Begin PBXHeadersBuildPhase section */
		A3CD4C70B0305A602C24862F /* Headers */ = {
			isa = PBXHeadersBuildPhase;
			buildActionMask = 2147483647;
			files = (
				1EA9278020071B93007D3D42 /* NFCPQueueUtils.h in Headers */,
				1EA9277620071B93007D3D42 /* TaskBean+Private.h in Headers */,
				1EA9277820071B93007D3D42 /* Channel+Sender.h in Headers */,
				1EA9277A20071B93007D3D42 /* Channel+CallBack.h in Headers */,
				1EA9278720071BF0007D3D42 /* NFCPResponseMessage.h in Headers */,
				1EA9278820071BF0007D3D42 /* TaskBean.h in Headers */,
				1ECDF65720085DE400435572 /* IDataRequest.h in Headers */,
				1EA9278A20071C9D007D3D42 /* NFCPSession.h in Headers */,
				1EA9278620071BF0007D3D42 /* Channel.h in Headers */,
				1EA9277C20071B93007D3D42 /* ConnectionHub.h in Headers */,
				1ECDF65820085DE400435572 /* Connection.h in Headers */,
			);
			runOnlyForDeploymentPostprocessing = 0;
		};
/* End PBXHeadersBuildPhase section */

/* Begin PBXNativeTarget section */
		1EC7E4EA1CF6D1DC001DB0A6 /* NFCPSyncEngine */ = {
			isa = PBXNativeTarget;
			buildConfigurationList = 1EC7E4F41CF6D1DC001DB0A6 /* Build configuration list for PBXNativeTarget "NFCPSyncEngine" */;
			buildPhases = (
				1EC7E4E81CF6D1DC001DB0A6 /* Frameworks */,
				1EC7E4E71CF6D1DC001DB0A6 /* Sources */,
				A3CD4C70B0305A602C24862F /* Headers */,
			);
			buildRules = (
			);
			dependencies = (
			);
			name = NFCPSyncEngine;
			productName = NFCPSyncEngine;
			productReference = 1EC7E4EB1CF6D1DC001DB0A6 /* libNFCPSyncEngine.a */;
			productType = "com.apple.product-type.library.static";
		};
/* End PBXNativeTarget section */

/* Begin PBXProject section */
		1EC7E4E31CF6D1DC001DB0A6 /* Project object */ = {
			isa = PBXProject;
			attributes = {
				LastUpgradeCheck = 0730;
				ORGANIZATIONNAME = fxiaoke;
				TargetAttributes = {
					1EC7E4EA1CF6D1DC001DB0A6 = {
						CreatedOnToolsVersion = 7.3.1;
					};
				};
			};
			buildConfigurationList = 1EC7E4E61CF6D1DC001DB0A6 /* Build configuration list for PBXProject "NFCPSyncEngine" */;
			compatibilityVersion = "Xcode 3.2";
			developmentRegion = English;
			hasScannedForEncodings = 0;
			knownRegions = (
				en,
			);
			mainGroup = 1EC7E4E21CF6D1DC001DB0A6;
			productRefGroup = 1EC7E4EC1CF6D1DC001DB0A6 /* Products */;
			projectDirPath = "";
			projectReferences = (
				{
					ProductGroup = 1ECDF64520085D3C00435572 /* Products */;
					ProjectRef = 1ECDF64420085D3C00435572 /* FSNetWorkEngine.xcodeproj */;
				},
			);
			projectRoot = "";
			targets = (
				1EC7E4EA1CF6D1DC001DB0A6 /* NFCPSyncEngine */,
			);
		};
/* End PBXProject section */

/* Begin PBXReferenceProxy section */
		1ECDF64A20085D3C00435572 /* libFSNetWorkEngine.a */ = {
			isa = PBXReferenceProxy;
			fileType = archive.ar;
			path = libFSNetWorkEngine.a;
			remoteRef = 1ECDF64920085D3C00435572 /* PBXContainerItemProxy */;
			sourceTree = BUILT_PRODUCTS_DIR;
		};
/* End PBXReferenceProxy section */

/* Begin PBXSourcesBuildPhase section */
		1EC7E4E71CF6D1DC001DB0A6 /* Sources */ = {
			isa = PBXSourcesBuildPhase;
			buildActionMask = 2147483647;
			files = (
				1EA9277720071B93007D3D42 /* TaskBean.m in Sources */,
				1EA9277B20071B93007D3D42 /* NFCPQueueUtils.m in Sources */,
				1EA9277F20071B93007D3D42 /* ConnectionHub.m in Sources */,
				1EA9278120071B93007D3D42 /* NFCPResponseMessage.m in Sources */,
				1EA9277920071B93007D3D42 /* Channel.m in Sources */,
				1EA9277D20071B93007D3D42 /* NFCPSession.m in Sources */,
			);
			runOnlyForDeploymentPostprocessing = 0;
		};
/* End PBXSourcesBuildPhase section */

/* Begin XCBuildConfiguration section */
		1EC7E4F21CF6D1DC001DB0A6 /* Debug */ = {
			isa = XCBuildConfiguration;
			buildSettings = {
				ALWAYS_SEARCH_USER_PATHS = NO;
				CLANG_ANALYZER_NONNULL = YES;
				CLANG_CXX_LANGUAGE_STANDARD = "gnu++0x";
				CLANG_CXX_LIBRARY = "libc++";
				CLANG_ENABLE_MODULES = YES;
				CLANG_ENABLE_OBJC_ARC = YES;
				CLANG_WARN_BOOL_CONVERSION = YES;
				CLANG_WARN_CONSTANT_CONVERSION = YES;
				CLANG_WARN_DIRECT_OBJC_ISA_USAGE = YES_ERROR;
				CLANG_WARN_EMPTY_BODY = YES;
				CLANG_WARN_ENUM_CONVERSION = YES;
				CLANG_WARN_INT_CONVERSION = YES;
				CLANG_WARN_OBJC_ROOT_CLASS = YES_ERROR;
				CLANG_WARN_UNREACHABLE_CODE = YES;
				CLANG_WARN__DUPLICATE_METHOD_MATCH = YES;
				"CODE_SIGN_IDENTITY[sdk=iphoneos*]" = "iPhone Developer";
				COPY_PHASE_STRIP = NO;
				DEBUG_INFORMATION_FORMAT = dwarf;
				ENABLE_STRICT_OBJC_MSGSEND = YES;
				ENABLE_TESTABILITY = YES;
				GCC_C_LANGUAGE_STANDARD = gnu99;
				GCC_DYNAMIC_NO_PIC = NO;
				GCC_NO_COMMON_BLOCKS = YES;
				GCC_OPTIMIZATION_LEVEL = 0;
				GCC_PREPROCESSOR_DEFINITIONS = (
					"DEBUG=1",
					"$(inherited)",
				);
				GCC_WARN_64_TO_32_BIT_CONVERSION = YES;
				GCC_WARN_ABOUT_RETURN_TYPE = YES_ERROR;
				GCC_WARN_UNDECLARED_SELECTOR = YES;
				GCC_WARN_UNINITIALIZED_AUTOS = YES_AGGRESSIVE;
				GCC_WARN_UNUSED_FUNCTION = YES;
				GCC_WARN_UNUSED_VARIABLE = YES;
				IPHONEOS_DEPLOYMENT_TARGET = 8.0;
				MTL_ENABLE_DEBUG_INFO = YES;
				ONLY_ACTIVE_ARCH = YES;
				SDKROOT = iphoneos;
			};
			name = Debug;
		};
		1EC7E4F31CF6D1DC001DB0A6 /* Release */ = {
			isa = XCBuildConfiguration;
			buildSettings = {
				ALWAYS_SEARCH_USER_PATHS = NO;
				CLANG_ANALYZER_NONNULL = YES;
				CLANG_CXX_LANGUAGE_STANDARD = "gnu++0x";
				CLANG_CXX_LIBRARY = "libc++";
				CLANG_ENABLE_MODULES = YES;
				CLANG_ENABLE_OBJC_ARC = YES;
				CLANG_WARN_BOOL_CONVERSION = YES;
				CLANG_WARN_CONSTANT_CONVERSION = YES;
				CLANG_WARN_DIRECT_OBJC_ISA_USAGE = YES_ERROR;
				CLANG_WARN_EMPTY_BODY = YES;
				CLANG_WARN_ENUM_CONVERSION = YES;
				CLANG_WARN_INT_CONVERSION = YES;
				CLANG_WARN_OBJC_ROOT_CLASS = YES_ERROR;
				CLANG_WARN_UNREACHABLE_CODE = YES;
				CLANG_WARN__DUPLICATE_METHOD_MATCH = YES;
				"CODE_SIGN_IDENTITY[sdk=iphoneos*]" = "iPhone Developer";
				COPY_PHASE_STRIP = NO;
				DEBUG_INFORMATION_FORMAT = "dwarf-with-dsym";
				ENABLE_NS_ASSERTIONS = NO;
				ENABLE_STRICT_OBJC_MSGSEND = YES;
				GCC_C_LANGUAGE_STANDARD = gnu99;
				GCC_NO_COMMON_BLOCKS = YES;
				GCC_WARN_64_TO_32_BIT_CONVERSION = YES;
				GCC_WARN_ABOUT_RETURN_TYPE = YES_ERROR;
				GCC_WARN_UNDECLARED_SELECTOR = YES;
				GCC_WARN_UNINITIALIZED_AUTOS = YES_AGGRESSIVE;
				GCC_WARN_UNUSED_FUNCTION = YES;
				GCC_WARN_UNUSED_VARIABLE = YES;
				IPHONEOS_DEPLOYMENT_TARGET = 8.0;
				MTL_ENABLE_DEBUG_INFO = NO;
				SDKROOT = iphoneos;
				VALIDATE_PRODUCT = YES;
			};
			name = Release;
		};
		1EC7E4F51CF6D1DC001DB0A6 /* Debug */ = {
			isa = XCBuildConfiguration;
			buildSettings = {
				CLANG_CXX_LIBRARY = "libstdc++";
				FRAMEWORK_SEARCH_PATHS = "../../../Library/FSLog/Framework_$(CONFIGURATION)";
				HEADER_SEARCH_PATHS = (
					../../../Library/FSUtilityKit/inc,
					../../../Library/ThirdParts/inc,
					../../../Library/FSLog/inc,
				);
				IPHONEOS_DEPLOYMENT_TARGET = 8.0;
				OTHER_LDFLAGS = "-ObjC";
				PRODUCT_NAME = "$(TARGET_NAME)";
				SKIP_INSTALL = YES;
				VALID_ARCHS = "arm64 armv7 armv7s x86_64 i386";
			};
			name = Debug;
		};
		1EC7E4F61CF6D1DC001DB0A6 /* Release */ = {
			isa = XCBuildConfiguration;
			buildSettings = {
				CLANG_CXX_LIBRARY = "libstdc++";
				FRAMEWORK_SEARCH_PATHS = "../../../Library/FSLog/Framework_$(CONFIGURATION)";
				HEADER_SEARCH_PATHS = (
					../../../Library/FSUtilityKit/inc,
					../../../Library/ThirdParts/inc,
					../../../Library/FSLog/inc,
				);
				IPHONEOS_DEPLOYMENT_TARGET = 8.0;
				OTHER_LDFLAGS = "-ObjC";
				PRODUCT_NAME = "$(TARGET_NAME)";
				SKIP_INSTALL = YES;
				VALID_ARCHS = "arm64 armv7 armv7s x86_64 i386";
			};
			name = Release;
		};
/* End XCBuildConfiguration section */

/* Begin XCConfigurationList section */
		1EC7E4E61CF6D1DC001DB0A6 /* Build configuration list for PBXProject "NFCPSyncEngine" */ = {
			isa = XCConfigurationList;
			buildConfigurations = (
				1EC7E4F21CF6D1DC001DB0A6 /* Debug */,
				1EC7E4F31CF6D1DC001DB0A6 /* Release */,
			);
			defaultConfigurationIsVisible = 0;
			defaultConfigurationName = Release;
		};
		1EC7E4F41CF6D1DC001DB0A6 /* Build configuration list for PBXNativeTarget "NFCPSyncEngine" */ = {
			isa = XCConfigurationList;
			buildConfigurations = (
				1EC7E4F51CF6D1DC001DB0A6 /* Debug */,
				1EC7E4F61CF6D1DC001DB0A6 /* Release */,
			);
			defaultConfigurationIsVisible = 0;
			defaultConfigurationName = Release;
		};
/* End XCConfigurationList section */
	};
	rootObject = 1EC7E4E31CF6D1DC001DB0A6 /* Project object */;
}
